// !$*UTF8*$!
{
	archiveVersion = 1;
	classes = {
	};
	objectVersion = 51;
	objects = {

/* Begin PBXBuildFile section */
		6207C91428BA78FD00AC59EE /* MarketItemV2.swift in Sources */ = {isa = PBXBuildFile; fileRef = 6207C91328BA78FD00AC59EE /* MarketItemV2.swift */; };
		6207C91628BA79A500AC59EE /* MarketImage.swift in Sources */ = {isa = PBXBuildFile; fileRef = 6207C91528BA79A500AC59EE /* MarketImage.swift */; };
		6207C91828BA79CF00AC59EE /* AppUser.swift in Sources */ = {isa = PBXBuildFile; fileRef = 6207C91728BA79CF00AC59EE /* AppUser.swift */; };
		6207C91E28BA89D600AC59EE /* ItemDetailImagesView.swift in Sources */ = {isa = PBXBuildFile; fileRef = 6207C91D28BA89D600AC59EE /* ItemDetailImagesView.swift */; };
		6207C92028BA8AB100AC59EE /* ItemsCollectionView.swift in Sources */ = {isa = PBXBuildFile; fileRef = 6207C91F28BA8AB100AC59EE /* ItemsCollectionView.swift */; };
		6207C92228BA8ACF00AC59EE /* ItemThumbView.swift in Sources */ = {isa = PBXBuildFile; fileRef = 6207C92128BA8ACF00AC59EE /* ItemThumbView.swift */; };
		6207C92428BA8AEE00AC59EE /* CornerRadiusStyle.swift in Sources */ = {isa = PBXBuildFile; fileRef = 6207C92328BA8AEE00AC59EE /* CornerRadiusStyle.swift */; };
		6207C92628BA8DA000AC59EE /* ImagePicker.swift in Sources */ = {isa = PBXBuildFile; fileRef = 6207C92528BA8DA000AC59EE /* ImagePicker.swift */; };
		6207C92828BA8DB200AC59EE /* EditItemDetailsView.swift in Sources */ = {isa = PBXBuildFile; fileRef = 6207C92728BA8DB200AC59EE /* EditItemDetailsView.swift */; };
		6207C92A28BA8DBA00AC59EE /* EditPhotosView.swift in Sources */ = {isa = PBXBuildFile; fileRef = 6207C92928BA8DBA00AC59EE /* EditPhotosView.swift */; };
		6207C92C28BA91D100AC59EE /* TODO.swift in Sources */ = {isa = PBXBuildFile; fileRef = 6207C92B28BA91D100AC59EE /* TODO.swift */; };
		620946282649C19B00E4C6BC /* MarketManager.swift in Sources */ = {isa = PBXBuildFile; fileRef = 620946272649C19B00E4C6BC /* MarketManager.swift */; };
		6209462A2649C4C500E4C6BC /* MessagingManager.swift in Sources */ = {isa = PBXBuildFile; fileRef = 620946292649C4C500E4C6BC /* MessagingManager.swift */; };
		6209462C2649C5F600E4C6BC /* MarketDB.swift in Sources */ = {isa = PBXBuildFile; fileRef = 6209462B2649C5F600E4C6BC /* MarketDB.swift */; };
		6209462E2649C5FE00E4C6BC /* MessagingDB.swift in Sources */ = {isa = PBXBuildFile; fileRef = 6209462D2649C5FE00E4C6BC /* MessagingDB.swift */; };
		62094631264A138A00E4C6BC /* MarketCollectionViewCell.swift in Sources */ = {isa = PBXBuildFile; fileRef = 62094630264A138A00E4C6BC /* MarketCollectionViewCell.swift */; };
		620D6C13265C1B1B00D42C7F /* BlockedUsersTableViewController.swift in Sources */ = {isa = PBXBuildFile; fileRef = 620D6C12265C1B1B00D42C7F /* BlockedUsersTableViewController.swift */; };
		621E6751265ECD1F00CDDFBB /* CamerInputBarAccessoryView.swift in Sources */ = {isa = PBXBuildFile; fileRef = 621E6750265ECD1F00CDDFBB /* CamerInputBarAccessoryView.swift */; };
		623833712656CE7B0043B4CA /* MKmessage.swift in Sources */ = {isa = PBXBuildFile; fileRef = 623833702656CE7B0043B4CA /* MKmessage.swift */; };
		623833732656CE830043B4CA /* MKuser.swift in Sources */ = {isa = PBXBuildFile; fileRef = 623833722656CE830043B4CA /* MKuser.swift */; };
		623833752656CEEA0043B4CA /* Conversation.swift in Sources */ = {isa = PBXBuildFile; fileRef = 623833742656CEEA0043B4CA /* Conversation.swift */; };
		62383377265741EE0043B4CA /* Alerts.swift in Sources */ = {isa = PBXBuildFile; fileRef = 62383376265741EE0043B4CA /* Alerts.swift */; };
		62492A9625F2C20A00A24A05 /* Login.storyboard in Resources */ = {isa = PBXBuildFile; fileRef = 62492A9525F2C20A00A24A05 /* Login.storyboard */; };
		62492A9925F2CC7900A24A05 /* BagManager.swift in Sources */ = {isa = PBXBuildFile; fileRef = 62492A9825F2CC7900A24A05 /* BagManager.swift */; };
		62492AA125F2F80300A24A05 /* BaggedDiscTableViewCell.swift in Sources */ = {isa = PBXBuildFile; fileRef = 62492AA025F2F80300A24A05 /* BaggedDiscTableViewCell.swift */; };
		6250097E266185AE00CD63E8 /* ImageDetailViewController.swift in Sources */ = {isa = PBXBuildFile; fileRef = 6250097D266185AE00CD63E8 /* ImageDetailViewController.swift */; };
		6250098026619C6D00CD63E8 /* ConversationTableViewCell.swift in Sources */ = {isa = PBXBuildFile; fileRef = 6250097F26619C6D00CD63E8 /* ConversationTableViewCell.swift */; };
		625114F628C41AC2001E9D72 /* ProfileCoordinator.swift in Sources */ = {isa = PBXBuildFile; fileRef = 625114F528C41AC2001E9D72 /* ProfileCoordinator.swift */; };
		625114F828C41ACB001E9D72 /* ProfileViewControllerV2.swift in Sources */ = {isa = PBXBuildFile; fileRef = 625114F728C41ACB001E9D72 /* ProfileViewControllerV2.swift */; };
		625114FA28C41AD2001E9D72 /* ProfileRootView.swift in Sources */ = {isa = PBXBuildFile; fileRef = 625114F928C41AD2001E9D72 /* ProfileRootView.swift */; };
		625114FC28C41AF3001E9D72 /* ProfileOption.swift in Sources */ = {isa = PBXBuildFile; fileRef = 625114FB28C41AF3001E9D72 /* ProfileOption.swift */; };
		62518D4D25F1648400A6753B /* AppDelegate.swift in Sources */ = {isa = PBXBuildFile; fileRef = 62518D4C25F1648400A6753B /* AppDelegate.swift */; };
		62518D4F25F1648400A6753B /* SceneDelegate.swift in Sources */ = {isa = PBXBuildFile; fileRef = 62518D4E25F1648400A6753B /* SceneDelegate.swift */; };
		62518D5425F1648400A6753B /* Main.storyboard in Resources */ = {isa = PBXBuildFile; fileRef = 62518D5225F1648400A6753B /* Main.storyboard */; };
		62518D5625F1648600A6753B /* Assets.xcassets in Resources */ = {isa = PBXBuildFile; fileRef = 62518D5525F1648600A6753B /* Assets.xcassets */; };
		62518D5925F1648600A6753B /* LaunchScreen.storyboard in Resources */ = {isa = PBXBuildFile; fileRef = 62518D5725F1648600A6753B /* LaunchScreen.storyboard */; };
		6255B5DC2622442300B3A53D /* LinkTableViewCell.swift in Sources */ = {isa = PBXBuildFile; fileRef = 6255B5DB2622442300B3A53D /* LinkTableViewCell.swift */; };
		6255B5DF2622442900B3A53D /* EventTableViewCell.swift in Sources */ = {isa = PBXBuildFile; fileRef = 6255B5DE2622442900B3A53D /* EventTableViewCell.swift */; };
		6255B5E2262244C400B3A53D /* EventDetailViewController.swift in Sources */ = {isa = PBXBuildFile; fileRef = 6255B5E1262244C400B3A53D /* EventDetailViewController.swift */; };
		6255B5E92622453A00B3A53D /* ApiController.swift in Sources */ = {isa = PBXBuildFile; fileRef = 6255B5E82622453A00B3A53D /* ApiController.swift */; };
		6255B5EC262245A400B3A53D /* DateFormatter.swift in Sources */ = {isa = PBXBuildFile; fileRef = 6255B5EB262245A400B3A53D /* DateFormatter.swift */; };
		6255B5EF262245E100B3A53D /* UIClasses.swift in Sources */ = {isa = PBXBuildFile; fileRef = 6255B5EE262245E100B3A53D /* UIClasses.swift */; };
		6255B5F32622465C00B3A53D /* ApiLogin.plist in Resources */ = {isa = PBXBuildFile; fileRef = 6255B5F22622465C00B3A53D /* ApiLogin.plist */; };
		62582098298758F9008CD874 /* MarketItemDataModel.swift in Sources */ = {isa = PBXBuildFile; fileRef = 62582097298758F9008CD874 /* MarketItemDataModel.swift */; };
		62677437264FFAF800899183 /* MediaPermissions.swift in Sources */ = {isa = PBXBuildFile; fileRef = 62677436264FFAF800899183 /* MediaPermissions.swift */; };
		626C74AF264B1236001E7B50 /* MarketItem.swift in Sources */ = {isa = PBXBuildFile; fileRef = 626C74AE264B1236001E7B50 /* MarketItem.swift */; };
		6286B47528B2A1CD000F5CD1 /* LogInCoordinator.swift in Sources */ = {isa = PBXBuildFile; fileRef = 6286B46528B2A1CD000F5CD1 /* LogInCoordinator.swift */; };
		6286B47628B2A1CD000F5CD1 /* LogInRootView.swift in Sources */ = {isa = PBXBuildFile; fileRef = 6286B46628B2A1CD000F5CD1 /* LogInRootView.swift */; };
		6286B47728B2A1CD000F5CD1 /* LogInViewController.swift in Sources */ = {isa = PBXBuildFile; fileRef = 6286B46728B2A1CD000F5CD1 /* LogInViewController.swift */; };
		6286B47828B2A1CD000F5CD1 /* EditPhotosViewController.swift in Sources */ = {isa = PBXBuildFile; fileRef = 6286B46928B2A1CD000F5CD1 /* EditPhotosViewController.swift */; };
		6286B47928B2A1CD000F5CD1 /* EditPhotosRootView.swift in Sources */ = {isa = PBXBuildFile; fileRef = 6286B46A28B2A1CD000F5CD1 /* EditPhotosRootView.swift */; };
		6286B47A28B2A1CD000F5CD1 /* EditPhotosCoordinator.swift in Sources */ = {isa = PBXBuildFile; fileRef = 6286B46B28B2A1CD000F5CD1 /* EditPhotosCoordinator.swift */; };
		6286B47B28B2A1CD000F5CD1 /* BaseViewController.swift in Sources */ = {isa = PBXBuildFile; fileRef = 6286B46E28B2A1CD000F5CD1 /* BaseViewController.swift */; };
		6286B47C28B2A1CD000F5CD1 /* BaseTableViewCell.swift in Sources */ = {isa = PBXBuildFile; fileRef = 6286B46F28B2A1CD000F5CD1 /* BaseTableViewCell.swift */; };
		6286B47D28B2A1CD000F5CD1 /* BaseHostingController.swift in Sources */ = {isa = PBXBuildFile; fileRef = 6286B47028B2A1CD000F5CD1 /* BaseHostingController.swift */; };
		6286B47E28B2A1CD000F5CD1 /* NavigationController.swift in Sources */ = {isa = PBXBuildFile; fileRef = 6286B47128B2A1CD000F5CD1 /* NavigationController.swift */; };
		6286B47F28B2A1CD000F5CD1 /* BaseView.swift in Sources */ = {isa = PBXBuildFile; fileRef = 6286B47228B2A1CD000F5CD1 /* BaseView.swift */; };
		6286B48028B2A1CD000F5CD1 /* ViewModel.swift in Sources */ = {isa = PBXBuildFile; fileRef = 6286B47328B2A1CD000F5CD1 /* ViewModel.swift */; };
		6286B48128B2A1CD000F5CD1 /* Coordinator.swift in Sources */ = {isa = PBXBuildFile; fileRef = 6286B47428B2A1CD000F5CD1 /* Coordinator.swift */; };
		6286B4B328B2A1DE000F5CD1 /* BuyRootView.swift in Sources */ = {isa = PBXBuildFile; fileRef = 6286B48328B2A1DE000F5CD1 /* BuyRootView.swift */; };
		6286B4B428B2A1DE000F5CD1 /* BuyCoordinator.swift in Sources */ = {isa = PBXBuildFile; fileRef = 6286B48428B2A1DE000F5CD1 /* BuyCoordinator.swift */; };
		6286B4B528B2A1DE000F5CD1 /* BuyDetailHeadlineView.swift in Sources */ = {isa = PBXBuildFile; fileRef = 6286B48728B2A1DE000F5CD1 /* BuyDetailHeadlineView.swift */; };
		6286B4B628B2A1DE000F5CD1 /* SearchHeaderView.swift in Sources */ = {isa = PBXBuildFile; fileRef = 6286B48828B2A1DE000F5CD1 /* SearchHeaderView.swift */; };
		6286B4B728B2A1DE000F5CD1 /* BuyDetailImagesView***.swift in Sources */ = {isa = PBXBuildFile; fileRef = 6286B48928B2A1DE000F5CD1 /* BuyDetailImagesView***.swift */; };
		6286B4B828B2A1DE000F5CD1 /* BuyDetailViewController.swift in Sources */ = {isa = PBXBuildFile; fileRef = 6286B48A28B2A1DE000F5CD1 /* BuyDetailViewController.swift */; };
		6286B4B928B2A1DE000F5CD1 /* BuyDetailRootView.swift in Sources */ = {isa = PBXBuildFile; fileRef = 6286B48B28B2A1DE000F5CD1 /* BuyDetailRootView.swift */; };
		6286B4BA28B2A1DE000F5CD1 /* BuyDetailCoordinator.swift in Sources */ = {isa = PBXBuildFile; fileRef = 6286B48C28B2A1DE000F5CD1 /* BuyDetailCoordinator.swift */; };
		6286B4BB28B2A1DE000F5CD1 /* BuyViewController.swift in Sources */ = {isa = PBXBuildFile; fileRef = 6286B48D28B2A1DE000F5CD1 /* BuyViewController.swift */; };
		6286B4BC28B2A1DE000F5CD1 /* MessagesCoordinator.swift in Sources */ = {isa = PBXBuildFile; fileRef = 6286B48F28B2A1DE000F5CD1 /* MessagesCoordinator.swift */; };
		6286B4BD28B2A1DE000F5CD1 /* MessagesVC.swift in Sources */ = {isa = PBXBuildFile; fileRef = 6286B49028B2A1DE000F5CD1 /* MessagesVC.swift */; };
		6286B4BE28B2A1DE000F5CD1 /* MessagesRootView.swift in Sources */ = {isa = PBXBuildFile; fileRef = 6286B49128B2A1DE000F5CD1 /* MessagesRootView.swift */; };
		6286B4BF28B2A1DE000F5CD1 /* SettingsCoordinator.swift in Sources */ = {isa = PBXBuildFile; fileRef = 6286B49328B2A1DE000F5CD1 /* SettingsCoordinator.swift */; };
		6286B4C028B2A1DE000F5CD1 /* Settings.swift in Sources */ = {isa = PBXBuildFile; fileRef = 6286B49428B2A1DE000F5CD1 /* Settings.swift */; };
		6286B4C128B2A1DE000F5CD1 /* SettingsRootView.swift in Sources */ = {isa = PBXBuildFile; fileRef = 6286B49528B2A1DE000F5CD1 /* SettingsRootView.swift */; };
		6286B4C228B2A1DE000F5CD1 /* SettingsVC.swift in Sources */ = {isa = PBXBuildFile; fileRef = 6286B49628B2A1DE000F5CD1 /* SettingsVC.swift */; };
		6286B4C328B2A1DE000F5CD1 /* SellNewItemViewController.swift in Sources */ = {isa = PBXBuildFile; fileRef = 6286B49928B2A1DE000F5CD1 /* SellNewItemViewController.swift */; };
		6286B4C428B2A1DE000F5CD1 /* SellNewItemView.swift in Sources */ = {isa = PBXBuildFile; fileRef = 6286B49A28B2A1DE000F5CD1 /* SellNewItemView.swift */; };
		6286B4C528B2A1DE000F5CD1 /* SellNewItemCoordinator.swift in Sources */ = {isa = PBXBuildFile; fileRef = 6286B49B28B2A1DE000F5CD1 /* SellNewItemCoordinator.swift */; };
		6286B4C628B2A1DE000F5CD1 /* SellNewPreviewPageView.swift in Sources */ = {isa = PBXBuildFile; fileRef = 6286B49D28B2A1DE000F5CD1 /* SellNewPreviewPageView.swift */; };
		6286B4C728B2A1DE000F5CD1 /* SellNewDetailsPageView.swift in Sources */ = {isa = PBXBuildFile; fileRef = 6286B49E28B2A1DE000F5CD1 /* SellNewDetailsPageView.swift */; };
		6286B4C828B2A1DE000F5CD1 /* SellNewPhotosPageView.swift in Sources */ = {isa = PBXBuildFile; fileRef = 6286B49F28B2A1DE000F5CD1 /* SellNewPhotosPageView.swift */; };
		6286B4C928B2A1DE000F5CD1 /* SellNewPageTabView.swift in Sources */ = {isa = PBXBuildFile; fileRef = 6286B4A028B2A1DE000F5CD1 /* SellNewPageTabView.swift */; };
		6286B4CA28B2A1DE000F5CD1 /* SellDetailCoordinator.swift in Sources */ = {isa = PBXBuildFile; fileRef = 6286B4A228B2A1DE000F5CD1 /* SellDetailCoordinator.swift */; };
		6286B4CB28B2A1DE000F5CD1 /* SellDetailButtonsView.swift in Sources */ = {isa = PBXBuildFile; fileRef = 6286B4A428B2A1DE000F5CD1 /* SellDetailButtonsView.swift */; };
		6286B4CC28B2A1DE000F5CD1 /* SellDetailHeadlineView.swift in Sources */ = {isa = PBXBuildFile; fileRef = 6286B4A528B2A1DE000F5CD1 /* SellDetailHeadlineView.swift */; };
		6286B4CD28B2A1DE000F5CD1 /* SellEditDetailsView.swift in Sources */ = {isa = PBXBuildFile; fileRef = 6286B4A728B2A1DE000F5CD1 /* SellEditDetailsView.swift */; };
		6286B4CE28B2A1DE000F5CD1 /* SellDetailSaveButtonsView.swift in Sources */ = {isa = PBXBuildFile; fileRef = 6286B4A828B2A1DE000F5CD1 /* SellDetailSaveButtonsView.swift */; };
		6286B4CF28B2A1DE000F5CD1 /* SellDetailDescriptionView.swift in Sources */ = {isa = PBXBuildFile; fileRef = 6286B4A928B2A1DE000F5CD1 /* SellDetailDescriptionView.swift */; };
		6286B4D028B2A1DE000F5CD1 /* SellEditOption.swift in Sources */ = {isa = PBXBuildFile; fileRef = 6286B4AA28B2A1DE000F5CD1 /* SellEditOption.swift */; };
		6286B4D128B2A1DE000F5CD1 /* SellDetailViewController.swift in Sources */ = {isa = PBXBuildFile; fileRef = 6286B4AB28B2A1DE000F5CD1 /* SellDetailViewController.swift */; };
		6286B4D228B2A1DE000F5CD1 /* SellDetailRootView.swift in Sources */ = {isa = PBXBuildFile; fileRef = 6286B4AC28B2A1DE000F5CD1 /* SellDetailRootView.swift */; };
		6286B4D328B2A1DE000F5CD1 /* SellViewController.swift in Sources */ = {isa = PBXBuildFile; fileRef = 6286B4AD28B2A1DE000F5CD1 /* SellViewController.swift */; };
		6286B4D428B2A1DE000F5CD1 /* SellRootView.swift in Sources */ = {isa = PBXBuildFile; fileRef = 6286B4AE28B2A1DE000F5CD1 /* SellRootView.swift */; };
		6286B4D528B2A1DE000F5CD1 /* SellCoordinator.swift in Sources */ = {isa = PBXBuildFile; fileRef = 6286B4AF28B2A1DE000F5CD1 /* SellCoordinator.swift */; };
		6286B4D628B2A1DE000F5CD1 /* MainTabBarController.swift in Sources */ = {isa = PBXBuildFile; fileRef = 6286B4B128B2A1DE000F5CD1 /* MainTabBarController.swift */; };
		6286B4D728B2A1DE000F5CD1 /* TabBarConstants.swift in Sources */ = {isa = PBXBuildFile; fileRef = 6286B4B228B2A1DE000F5CD1 /* TabBarConstants.swift */; };
		6286B4DB28B2A79D000F5CD1 /* AppDependencies.swift in Sources */ = {isa = PBXBuildFile; fileRef = 6286B4D928B2A79D000F5CD1 /* AppDependencies.swift */; };
		6286B4DC28B2A79D000F5CD1 /* AppTheme.swift in Sources */ = {isa = PBXBuildFile; fileRef = 6286B4DA28B2A79D000F5CD1 /* AppTheme.swift */; };
		6286B4DE28B2AE0E000F5CD1 /* SpinnerView.swift in Sources */ = {isa = PBXBuildFile; fileRef = 6286B4DD28B2AE0E000F5CD1 /* SpinnerView.swift */; };
		628B4F2126654CF400E1A76D /* Event.swift in Sources */ = {isa = PBXBuildFile; fileRef = 628B4F2026654CF400E1A76D /* Event.swift */; };
		62A06885264313CE00E80BC3 /* SwitchBagTableViewCell.swift in Sources */ = {isa = PBXBuildFile; fileRef = 62A06884264313CE00E80BC3 /* SwitchBagTableViewCell.swift */; };
		62AC762D29169A8500ECB762 /* SearchRange.swift in Sources */ = {isa = PBXBuildFile; fileRef = 62AC762C29169A8500ECB762 /* SearchRange.swift */; };
		62AC762F29169D4B00ECB762 /* GeoExtensions.swift in Sources */ = {isa = PBXBuildFile; fileRef = 62AC762E29169D4B00ECB762 /* GeoExtensions.swift */; };
		62B928182655EBFF00981232 /* UserProfile.swift in Sources */ = {isa = PBXBuildFile; fileRef = 62B928172655EBFF00981232 /* UserProfile.swift */; };
		62C04E8625F29B0500D4F4B6 /* GoogleService-Info.plist in Resources */ = {isa = PBXBuildFile; fileRef = 62C04E8525F29B0500D4F4B6 /* GoogleService-Info.plist */; };
		62C04EB925F2A5AC00D4F4B6 /* Disc.swift in Sources */ = {isa = PBXBuildFile; fileRef = 62C04EB825F2A5AC00D4F4B6 /* Disc.swift */; };
		62C04EBC25F2A5B100D4F4B6 /* Bag.swift in Sources */ = {isa = PBXBuildFile; fileRef = 62C04EBB25F2A5B100D4F4B6 /* Bag.swift */; };
		62C04EBF25F2A62000D4F4B6 /* AuthManager.swift in Sources */ = {isa = PBXBuildFile; fileRef = 62C04EBE25F2A62000D4F4B6 /* AuthManager.swift */; };
		62C04EC225F2A63600D4F4B6 /* UserDB.swift in Sources */ = {isa = PBXBuildFile; fileRef = 62C04EC125F2A63600D4F4B6 /* UserDB.swift */; };
		62C04EC525F2A63C00D4F4B6 /* DiscDB.swift in Sources */ = {isa = PBXBuildFile; fileRef = 62C04EC425F2A63C00D4F4B6 /* DiscDB.swift */; };
		62C04EC825F2A64800D4F4B6 /* Storage.swift in Sources */ = {isa = PBXBuildFile; fileRef = 62C04EC725F2A64800D4F4B6 /* Storage.swift */; };
		62C04ECB25F2A6D500D4F4B6 /* Network Error.swift in Sources */ = {isa = PBXBuildFile; fileRef = 62C04ECA25F2A6D500D4F4B6 /* Network Error.swift */; };
		62C04ECE25F2A6E400D4F4B6 /* Extensions.swift in Sources */ = {isa = PBXBuildFile; fileRef = 62C04ECD25F2A6E400D4F4B6 /* Extensions.swift */; };
		62C04ED825F2A81600D4F4B6 /* ProfileViewController.swift in Sources */ = {isa = PBXBuildFile; fileRef = 62C04ED725F2A81600D4F4B6 /* ProfileViewController.swift */; };
		62C04EDB25F2A81B00D4F4B6 /* BagViewController.swift in Sources */ = {isa = PBXBuildFile; fileRef = 62C04EDA25F2A81B00D4F4B6 /* BagViewController.swift */; };
		62C04EDE25F2A83000D4F4B6 /* MarketViewController.swift in Sources */ = {isa = PBXBuildFile; fileRef = 62C04EDD25F2A83000D4F4B6 /* MarketViewController.swift */; };
		62C04EE125F2A83F00D4F4B6 /* EventSearchViewController.swift in Sources */ = {isa = PBXBuildFile; fileRef = 62C04EE025F2A83F00D4F4B6 /* EventSearchViewController.swift */; };
		62C04EE425F2A86700D4F4B6 /* LoginViewController.swift in Sources */ = {isa = PBXBuildFile; fileRef = 62C04EE325F2A86700D4F4B6 /* LoginViewController.swift */; };
		62C04EE725F2A86C00D4F4B6 /* RegistrationViewController.swift in Sources */ = {isa = PBXBuildFile; fileRef = 62C04EE625F2A86C00D4F4B6 /* RegistrationViewController.swift */; };
		62C04EEA25F2A88B00D4F4B6 /* ImagePickerViewController.swift in Sources */ = {isa = PBXBuildFile; fileRef = 62C04EE925F2A88B00D4F4B6 /* ImagePickerViewController.swift */; };
		62C04EF225F2A8B300D4F4B6 /* SettingsViewController.swift in Sources */ = {isa = PBXBuildFile; fileRef = 62C04EF125F2A8B300D4F4B6 /* SettingsViewController.swift */; };
		62C04EF825F2A92000D4F4B6 /* DiscSearchTableViewController.swift in Sources */ = {isa = PBXBuildFile; fileRef = 62C04EF725F2A92000D4F4B6 /* DiscSearchTableViewController.swift */; };
		62C04EFB25F2A94200D4F4B6 /* DiscDetailViewController.swift in Sources */ = {isa = PBXBuildFile; fileRef = 62C04EFA25F2A94200D4F4B6 /* DiscDetailViewController.swift */; };
		62C04EFE25F2A96D00D4F4B6 /* SwitchBagTableViewController.swift in Sources */ = {isa = PBXBuildFile; fileRef = 62C04EFD25F2A96D00D4F4B6 /* SwitchBagTableViewController.swift */; };
		62C04F0125F2A97E00D4F4B6 /* CreateNewBagViewController.swift in Sources */ = {isa = PBXBuildFile; fileRef = 62C04F0025F2A97E00D4F4B6 /* CreateNewBagViewController.swift */; };
		62D207A2262E2B6300FF6C9F /* MyOffersViewController.swift in Sources */ = {isa = PBXBuildFile; fileRef = 62D207A1262E2B6300FF6C9F /* MyOffersViewController.swift */; };
		62D207A5262E2B6D00FF6C9F /* MyOfferDetailViewController.swift in Sources */ = {isa = PBXBuildFile; fileRef = 62D207A4262E2B6D00FF6C9F /* MyOfferDetailViewController.swift */; };
		62D207A8262E2BA200FF6C9F /* MarketItemDetailViewController.swift in Sources */ = {isa = PBXBuildFile; fileRef = 62D207A7262E2BA200FF6C9F /* MarketItemDetailViewController.swift */; };
		62D207AB262E2CC700FF6C9F /* ConversationListViewController.swift in Sources */ = {isa = PBXBuildFile; fileRef = 62D207AA262E2CC700FF6C9F /* ConversationListViewController.swift */; };
		62D207AE262E2CDD00FF6C9F /* ConversationViewController.swift in Sources */ = {isa = PBXBuildFile; fileRef = 62D207AD262E2CDD00FF6C9F /* ConversationViewController.swift */; };
		62E27F0F2652DB5500106333 /* LocationManager.swift in Sources */ = {isa = PBXBuildFile; fileRef = 62E27F0E2652DB5500106333 /* LocationManager.swift */; };
		62E27F112652DBCB00106333 /* Location.swift in Sources */ = {isa = PBXBuildFile; fileRef = 62E27F102652DBCB00106333 /* Location.swift */; };
		62F8326429C4A3550007F3A8 /* Default.swift in Sources */ = {isa = PBXBuildFile; fileRef = 62F8326329C4A3550007F3A8 /* Default.swift */; };
		C97407DB3D3FB52E6859EF35 /* Pods_DiscUP.framework in Frameworks */ = {isa = PBXBuildFile; fileRef = 9BE2F152749CF7993F0402D6 /* Pods_DiscUP.framework */; };
/* End PBXBuildFile section */

/* Begin PBXFileReference section */
		346F05CA14D0A82C1D2C41C4 /* Pods-DiscUP.debug.xcconfig */ = {isa = PBXFileReference; includeInIndex = 1; lastKnownFileType = text.xcconfig; name = "Pods-DiscUP.debug.xcconfig"; path = "Target Support Files/Pods-DiscUP/Pods-DiscUP.debug.xcconfig"; sourceTree = "<group>"; };
		6207C91328BA78FD00AC59EE /* MarketItemV2.swift */ = {isa = PBXFileReference; lastKnownFileType = sourcecode.swift; path = MarketItemV2.swift; sourceTree = "<group>"; };
		6207C91528BA79A500AC59EE /* MarketImage.swift */ = {isa = PBXFileReference; lastKnownFileType = sourcecode.swift; path = MarketImage.swift; sourceTree = "<group>"; };
		6207C91728BA79CF00AC59EE /* AppUser.swift */ = {isa = PBXFileReference; lastKnownFileType = sourcecode.swift; path = AppUser.swift; sourceTree = "<group>"; };
		6207C91D28BA89D600AC59EE /* ItemDetailImagesView.swift */ = {isa = PBXFileReference; lastKnownFileType = sourcecode.swift; path = ItemDetailImagesView.swift; sourceTree = "<group>"; };
		6207C91F28BA8AB100AC59EE /* ItemsCollectionView.swift */ = {isa = PBXFileReference; lastKnownFileType = sourcecode.swift; path = ItemsCollectionView.swift; sourceTree = "<group>"; };
		6207C92128BA8ACF00AC59EE /* ItemThumbView.swift */ = {isa = PBXFileReference; lastKnownFileType = sourcecode.swift; path = ItemThumbView.swift; sourceTree = "<group>"; };
		6207C92328BA8AEE00AC59EE /* CornerRadiusStyle.swift */ = {isa = PBXFileReference; lastKnownFileType = sourcecode.swift; path = CornerRadiusStyle.swift; sourceTree = "<group>"; };
		6207C92528BA8DA000AC59EE /* ImagePicker.swift */ = {isa = PBXFileReference; lastKnownFileType = sourcecode.swift; path = ImagePicker.swift; sourceTree = "<group>"; };
		6207C92728BA8DB200AC59EE /* EditItemDetailsView.swift */ = {isa = PBXFileReference; lastKnownFileType = sourcecode.swift; path = EditItemDetailsView.swift; sourceTree = "<group>"; };
		6207C92928BA8DBA00AC59EE /* EditPhotosView.swift */ = {isa = PBXFileReference; lastKnownFileType = sourcecode.swift; path = EditPhotosView.swift; sourceTree = "<group>"; };
		6207C92B28BA91D100AC59EE /* TODO.swift */ = {isa = PBXFileReference; lastKnownFileType = sourcecode.swift; path = TODO.swift; sourceTree = "<group>"; };
		620946272649C19B00E4C6BC /* MarketManager.swift */ = {isa = PBXFileReference; lastKnownFileType = sourcecode.swift; path = MarketManager.swift; sourceTree = "<group>"; };
		620946292649C4C500E4C6BC /* MessagingManager.swift */ = {isa = PBXFileReference; lastKnownFileType = sourcecode.swift; path = MessagingManager.swift; sourceTree = "<group>"; };
		6209462B2649C5F600E4C6BC /* MarketDB.swift */ = {isa = PBXFileReference; lastKnownFileType = sourcecode.swift; path = MarketDB.swift; sourceTree = "<group>"; };
		6209462D2649C5FE00E4C6BC /* MessagingDB.swift */ = {isa = PBXFileReference; lastKnownFileType = sourcecode.swift; path = MessagingDB.swift; sourceTree = "<group>"; };
		62094630264A138A00E4C6BC /* MarketCollectionViewCell.swift */ = {isa = PBXFileReference; lastKnownFileType = sourcecode.swift; path = MarketCollectionViewCell.swift; sourceTree = "<group>"; };
		620D6C12265C1B1B00D42C7F /* BlockedUsersTableViewController.swift */ = {isa = PBXFileReference; lastKnownFileType = sourcecode.swift; path = BlockedUsersTableViewController.swift; sourceTree = "<group>"; };
		621E6750265ECD1F00CDDFBB /* CamerInputBarAccessoryView.swift */ = {isa = PBXFileReference; lastKnownFileType = sourcecode.swift; path = CamerInputBarAccessoryView.swift; sourceTree = "<group>"; };
		623833702656CE7B0043B4CA /* MKmessage.swift */ = {isa = PBXFileReference; lastKnownFileType = sourcecode.swift; path = MKmessage.swift; sourceTree = "<group>"; };
		623833722656CE830043B4CA /* MKuser.swift */ = {isa = PBXFileReference; lastKnownFileType = sourcecode.swift; path = MKuser.swift; sourceTree = "<group>"; };
		623833742656CEEA0043B4CA /* Conversation.swift */ = {isa = PBXFileReference; lastKnownFileType = sourcecode.swift; path = Conversation.swift; sourceTree = "<group>"; };
		62383376265741EE0043B4CA /* Alerts.swift */ = {isa = PBXFileReference; lastKnownFileType = sourcecode.swift; path = Alerts.swift; sourceTree = "<group>"; };
		62492A9525F2C20A00A24A05 /* Login.storyboard */ = {isa = PBXFileReference; lastKnownFileType = file.storyboard; path = Login.storyboard; sourceTree = "<group>"; };
		62492A9825F2CC7900A24A05 /* BagManager.swift */ = {isa = PBXFileReference; lastKnownFileType = sourcecode.swift; path = BagManager.swift; sourceTree = "<group>"; };
		62492AA025F2F80300A24A05 /* BaggedDiscTableViewCell.swift */ = {isa = PBXFileReference; lastKnownFileType = sourcecode.swift; path = BaggedDiscTableViewCell.swift; sourceTree = "<group>"; };
		6250097D266185AE00CD63E8 /* ImageDetailViewController.swift */ = {isa = PBXFileReference; lastKnownFileType = sourcecode.swift; path = ImageDetailViewController.swift; sourceTree = "<group>"; };
		6250097F26619C6D00CD63E8 /* ConversationTableViewCell.swift */ = {isa = PBXFileReference; lastKnownFileType = sourcecode.swift; path = ConversationTableViewCell.swift; sourceTree = "<group>"; };
		625114F528C41AC2001E9D72 /* ProfileCoordinator.swift */ = {isa = PBXFileReference; lastKnownFileType = sourcecode.swift; path = ProfileCoordinator.swift; sourceTree = "<group>"; };
		625114F728C41ACB001E9D72 /* ProfileViewControllerV2.swift */ = {isa = PBXFileReference; lastKnownFileType = sourcecode.swift; path = ProfileViewControllerV2.swift; sourceTree = "<group>"; };
		625114F928C41AD2001E9D72 /* ProfileRootView.swift */ = {isa = PBXFileReference; lastKnownFileType = sourcecode.swift; path = ProfileRootView.swift; sourceTree = "<group>"; };
		625114FB28C41AF3001E9D72 /* ProfileOption.swift */ = {isa = PBXFileReference; lastKnownFileType = sourcecode.swift; path = ProfileOption.swift; sourceTree = "<group>"; };
		62518D4925F1648400A6753B /* DiscUP.app */ = {isa = PBXFileReference; explicitFileType = wrapper.application; includeInIndex = 0; path = DiscUP.app; sourceTree = BUILT_PRODUCTS_DIR; };
		62518D4C25F1648400A6753B /* AppDelegate.swift */ = {isa = PBXFileReference; lastKnownFileType = sourcecode.swift; path = AppDelegate.swift; sourceTree = "<group>"; };
		62518D4E25F1648400A6753B /* SceneDelegate.swift */ = {isa = PBXFileReference; lastKnownFileType = sourcecode.swift; path = SceneDelegate.swift; sourceTree = "<group>"; };
		62518D5325F1648400A6753B /* Base */ = {isa = PBXFileReference; lastKnownFileType = file.storyboard; name = Base; path = Base.lproj/Main.storyboard; sourceTree = "<group>"; };
		62518D5525F1648600A6753B /* Assets.xcassets */ = {isa = PBXFileReference; lastKnownFileType = folder.assetcatalog; path = Assets.xcassets; sourceTree = "<group>"; };
		62518D5825F1648600A6753B /* Base */ = {isa = PBXFileReference; lastKnownFileType = file.storyboard; name = Base; path = Base.lproj/LaunchScreen.storyboard; sourceTree = "<group>"; };
		62518D5A25F1648600A6753B /* Info.plist */ = {isa = PBXFileReference; lastKnownFileType = text.plist.xml; path = Info.plist; sourceTree = "<group>"; };
		6255B5DB2622442300B3A53D /* LinkTableViewCell.swift */ = {isa = PBXFileReference; lastKnownFileType = sourcecode.swift; path = LinkTableViewCell.swift; sourceTree = "<group>"; };
		6255B5DE2622442900B3A53D /* EventTableViewCell.swift */ = {isa = PBXFileReference; lastKnownFileType = sourcecode.swift; path = EventTableViewCell.swift; sourceTree = "<group>"; };
		6255B5E1262244C400B3A53D /* EventDetailViewController.swift */ = {isa = PBXFileReference; lastKnownFileType = sourcecode.swift; path = EventDetailViewController.swift; sourceTree = "<group>"; };
		6255B5E82622453A00B3A53D /* ApiController.swift */ = {isa = PBXFileReference; lastKnownFileType = sourcecode.swift; path = ApiController.swift; sourceTree = "<group>"; };
		6255B5EB262245A400B3A53D /* DateFormatter.swift */ = {isa = PBXFileReference; lastKnownFileType = sourcecode.swift; path = DateFormatter.swift; sourceTree = "<group>"; };
		6255B5EE262245E100B3A53D /* UIClasses.swift */ = {isa = PBXFileReference; lastKnownFileType = sourcecode.swift; path = UIClasses.swift; sourceTree = "<group>"; };
		6255B5F22622465C00B3A53D /* ApiLogin.plist */ = {isa = PBXFileReference; lastKnownFileType = text.plist.xml; path = ApiLogin.plist; sourceTree = "<group>"; };
		62582097298758F9008CD874 /* MarketItemDataModel.swift */ = {isa = PBXFileReference; lastKnownFileType = sourcecode.swift; path = MarketItemDataModel.swift; sourceTree = "<group>"; };
		62677436264FFAF800899183 /* MediaPermissions.swift */ = {isa = PBXFileReference; lastKnownFileType = sourcecode.swift; path = MediaPermissions.swift; sourceTree = "<group>"; };
		626C74AE264B1236001E7B50 /* MarketItem.swift */ = {isa = PBXFileReference; lastKnownFileType = sourcecode.swift; path = MarketItem.swift; sourceTree = "<group>"; };
		6286B46528B2A1CD000F5CD1 /* LogInCoordinator.swift */ = {isa = PBXFileReference; fileEncoding = 4; lastKnownFileType = sourcecode.swift; path = LogInCoordinator.swift; sourceTree = "<group>"; };
		6286B46628B2A1CD000F5CD1 /* LogInRootView.swift */ = {isa = PBXFileReference; fileEncoding = 4; lastKnownFileType = sourcecode.swift; path = LogInRootView.swift; sourceTree = "<group>"; };
		6286B46728B2A1CD000F5CD1 /* LogInViewController.swift */ = {isa = PBXFileReference; fileEncoding = 4; lastKnownFileType = sourcecode.swift; path = LogInViewController.swift; sourceTree = "<group>"; };
		6286B46928B2A1CD000F5CD1 /* EditPhotosViewController.swift */ = {isa = PBXFileReference; fileEncoding = 4; lastKnownFileType = sourcecode.swift; path = EditPhotosViewController.swift; sourceTree = "<group>"; };
		6286B46A28B2A1CD000F5CD1 /* EditPhotosRootView.swift */ = {isa = PBXFileReference; fileEncoding = 4; lastKnownFileType = sourcecode.swift; path = EditPhotosRootView.swift; sourceTree = "<group>"; };
		6286B46B28B2A1CD000F5CD1 /* EditPhotosCoordinator.swift */ = {isa = PBXFileReference; fileEncoding = 4; lastKnownFileType = sourcecode.swift; path = EditPhotosCoordinator.swift; sourceTree = "<group>"; };
		6286B46E28B2A1CD000F5CD1 /* BaseViewController.swift */ = {isa = PBXFileReference; fileEncoding = 4; lastKnownFileType = sourcecode.swift; path = BaseViewController.swift; sourceTree = "<group>"; };
		6286B46F28B2A1CD000F5CD1 /* BaseTableViewCell.swift */ = {isa = PBXFileReference; fileEncoding = 4; lastKnownFileType = sourcecode.swift; path = BaseTableViewCell.swift; sourceTree = "<group>"; };
		6286B47028B2A1CD000F5CD1 /* BaseHostingController.swift */ = {isa = PBXFileReference; fileEncoding = 4; lastKnownFileType = sourcecode.swift; path = BaseHostingController.swift; sourceTree = "<group>"; };
		6286B47128B2A1CD000F5CD1 /* NavigationController.swift */ = {isa = PBXFileReference; fileEncoding = 4; lastKnownFileType = sourcecode.swift; path = NavigationController.swift; sourceTree = "<group>"; };
		6286B47228B2A1CD000F5CD1 /* BaseView.swift */ = {isa = PBXFileReference; fileEncoding = 4; lastKnownFileType = sourcecode.swift; path = BaseView.swift; sourceTree = "<group>"; };
		6286B47328B2A1CD000F5CD1 /* ViewModel.swift */ = {isa = PBXFileReference; fileEncoding = 4; lastKnownFileType = sourcecode.swift; path = ViewModel.swift; sourceTree = "<group>"; };
		6286B47428B2A1CD000F5CD1 /* Coordinator.swift */ = {isa = PBXFileReference; fileEncoding = 4; lastKnownFileType = sourcecode.swift; path = Coordinator.swift; sourceTree = "<group>"; };
		6286B48328B2A1DE000F5CD1 /* BuyRootView.swift */ = {isa = PBXFileReference; fileEncoding = 4; lastKnownFileType = sourcecode.swift; path = BuyRootView.swift; sourceTree = "<group>"; };
		6286B48428B2A1DE000F5CD1 /* BuyCoordinator.swift */ = {isa = PBXFileReference; fileEncoding = 4; lastKnownFileType = sourcecode.swift; path = BuyCoordinator.swift; sourceTree = "<group>"; };
		6286B48728B2A1DE000F5CD1 /* BuyDetailHeadlineView.swift */ = {isa = PBXFileReference; fileEncoding = 4; lastKnownFileType = sourcecode.swift; path = BuyDetailHeadlineView.swift; sourceTree = "<group>"; };
		6286B48828B2A1DE000F5CD1 /* SearchHeaderView.swift */ = {isa = PBXFileReference; fileEncoding = 4; lastKnownFileType = sourcecode.swift; path = SearchHeaderView.swift; sourceTree = "<group>"; };
		6286B48928B2A1DE000F5CD1 /* BuyDetailImagesView***.swift */ = {isa = PBXFileReference; fileEncoding = 4; lastKnownFileType = sourcecode.swift; path = "BuyDetailImagesView***.swift"; sourceTree = "<group>"; };
		6286B48A28B2A1DE000F5CD1 /* BuyDetailViewController.swift */ = {isa = PBXFileReference; fileEncoding = 4; lastKnownFileType = sourcecode.swift; path = BuyDetailViewController.swift; sourceTree = "<group>"; };
		6286B48B28B2A1DE000F5CD1 /* BuyDetailRootView.swift */ = {isa = PBXFileReference; fileEncoding = 4; lastKnownFileType = sourcecode.swift; path = BuyDetailRootView.swift; sourceTree = "<group>"; };
		6286B48C28B2A1DE000F5CD1 /* BuyDetailCoordinator.swift */ = {isa = PBXFileReference; fileEncoding = 4; lastKnownFileType = sourcecode.swift; path = BuyDetailCoordinator.swift; sourceTree = "<group>"; };
		6286B48D28B2A1DE000F5CD1 /* BuyViewController.swift */ = {isa = PBXFileReference; fileEncoding = 4; lastKnownFileType = sourcecode.swift; path = BuyViewController.swift; sourceTree = "<group>"; };
		6286B48F28B2A1DE000F5CD1 /* MessagesCoordinator.swift */ = {isa = PBXFileReference; fileEncoding = 4; lastKnownFileType = sourcecode.swift; path = MessagesCoordinator.swift; sourceTree = "<group>"; };
		6286B49028B2A1DE000F5CD1 /* MessagesVC.swift */ = {isa = PBXFileReference; fileEncoding = 4; lastKnownFileType = sourcecode.swift; path = MessagesVC.swift; sourceTree = "<group>"; };
		6286B49128B2A1DE000F5CD1 /* MessagesRootView.swift */ = {isa = PBXFileReference; fileEncoding = 4; lastKnownFileType = sourcecode.swift; path = MessagesRootView.swift; sourceTree = "<group>"; };
		6286B49328B2A1DE000F5CD1 /* SettingsCoordinator.swift */ = {isa = PBXFileReference; fileEncoding = 4; lastKnownFileType = sourcecode.swift; path = SettingsCoordinator.swift; sourceTree = "<group>"; };
		6286B49428B2A1DE000F5CD1 /* Settings.swift */ = {isa = PBXFileReference; fileEncoding = 4; lastKnownFileType = sourcecode.swift; path = Settings.swift; sourceTree = "<group>"; };
		6286B49528B2A1DE000F5CD1 /* SettingsRootView.swift */ = {isa = PBXFileReference; fileEncoding = 4; lastKnownFileType = sourcecode.swift; path = SettingsRootView.swift; sourceTree = "<group>"; };
		6286B49628B2A1DE000F5CD1 /* SettingsVC.swift */ = {isa = PBXFileReference; fileEncoding = 4; lastKnownFileType = sourcecode.swift; path = SettingsVC.swift; sourceTree = "<group>"; };
		6286B49928B2A1DE000F5CD1 /* SellNewItemViewController.swift */ = {isa = PBXFileReference; fileEncoding = 4; lastKnownFileType = sourcecode.swift; path = SellNewItemViewController.swift; sourceTree = "<group>"; };
		6286B49A28B2A1DE000F5CD1 /* SellNewItemView.swift */ = {isa = PBXFileReference; fileEncoding = 4; lastKnownFileType = sourcecode.swift; path = SellNewItemView.swift; sourceTree = "<group>"; };
		6286B49B28B2A1DE000F5CD1 /* SellNewItemCoordinator.swift */ = {isa = PBXFileReference; fileEncoding = 4; lastKnownFileType = sourcecode.swift; path = SellNewItemCoordinator.swift; sourceTree = "<group>"; };
		6286B49D28B2A1DE000F5CD1 /* SellNewPreviewPageView.swift */ = {isa = PBXFileReference; fileEncoding = 4; lastKnownFileType = sourcecode.swift; path = SellNewPreviewPageView.swift; sourceTree = "<group>"; };
		6286B49E28B2A1DE000F5CD1 /* SellNewDetailsPageView.swift */ = {isa = PBXFileReference; fileEncoding = 4; lastKnownFileType = sourcecode.swift; path = SellNewDetailsPageView.swift; sourceTree = "<group>"; };
		6286B49F28B2A1DE000F5CD1 /* SellNewPhotosPageView.swift */ = {isa = PBXFileReference; fileEncoding = 4; lastKnownFileType = sourcecode.swift; path = SellNewPhotosPageView.swift; sourceTree = "<group>"; };
		6286B4A028B2A1DE000F5CD1 /* SellNewPageTabView.swift */ = {isa = PBXFileReference; fileEncoding = 4; lastKnownFileType = sourcecode.swift; path = SellNewPageTabView.swift; sourceTree = "<group>"; };
		6286B4A228B2A1DE000F5CD1 /* SellDetailCoordinator.swift */ = {isa = PBXFileReference; fileEncoding = 4; lastKnownFileType = sourcecode.swift; path = SellDetailCoordinator.swift; sourceTree = "<group>"; };
		6286B4A428B2A1DE000F5CD1 /* SellDetailButtonsView.swift */ = {isa = PBXFileReference; fileEncoding = 4; lastKnownFileType = sourcecode.swift; path = SellDetailButtonsView.swift; sourceTree = "<group>"; };
		6286B4A528B2A1DE000F5CD1 /* SellDetailHeadlineView.swift */ = {isa = PBXFileReference; fileEncoding = 4; lastKnownFileType = sourcecode.swift; path = SellDetailHeadlineView.swift; sourceTree = "<group>"; };
		6286B4A728B2A1DE000F5CD1 /* SellEditDetailsView.swift */ = {isa = PBXFileReference; fileEncoding = 4; lastKnownFileType = sourcecode.swift; path = SellEditDetailsView.swift; sourceTree = "<group>"; };
		6286B4A828B2A1DE000F5CD1 /* SellDetailSaveButtonsView.swift */ = {isa = PBXFileReference; fileEncoding = 4; lastKnownFileType = sourcecode.swift; path = SellDetailSaveButtonsView.swift; sourceTree = "<group>"; };
		6286B4A928B2A1DE000F5CD1 /* SellDetailDescriptionView.swift */ = {isa = PBXFileReference; fileEncoding = 4; lastKnownFileType = sourcecode.swift; path = SellDetailDescriptionView.swift; sourceTree = "<group>"; };
		6286B4AA28B2A1DE000F5CD1 /* SellEditOption.swift */ = {isa = PBXFileReference; fileEncoding = 4; lastKnownFileType = sourcecode.swift; path = SellEditOption.swift; sourceTree = "<group>"; };
		6286B4AB28B2A1DE000F5CD1 /* SellDetailViewController.swift */ = {isa = PBXFileReference; fileEncoding = 4; lastKnownFileType = sourcecode.swift; path = SellDetailViewController.swift; sourceTree = "<group>"; };
		6286B4AC28B2A1DE000F5CD1 /* SellDetailRootView.swift */ = {isa = PBXFileReference; fileEncoding = 4; lastKnownFileType = sourcecode.swift; path = SellDetailRootView.swift; sourceTree = "<group>"; };
		6286B4AD28B2A1DE000F5CD1 /* SellViewController.swift */ = {isa = PBXFileReference; fileEncoding = 4; lastKnownFileType = sourcecode.swift; path = SellViewController.swift; sourceTree = "<group>"; };
		6286B4AE28B2A1DE000F5CD1 /* SellRootView.swift */ = {isa = PBXFileReference; fileEncoding = 4; lastKnownFileType = sourcecode.swift; path = SellRootView.swift; sourceTree = "<group>"; };
		6286B4AF28B2A1DE000F5CD1 /* SellCoordinator.swift */ = {isa = PBXFileReference; fileEncoding = 4; lastKnownFileType = sourcecode.swift; path = SellCoordinator.swift; sourceTree = "<group>"; };
		6286B4B128B2A1DE000F5CD1 /* MainTabBarController.swift */ = {isa = PBXFileReference; fileEncoding = 4; lastKnownFileType = sourcecode.swift; path = MainTabBarController.swift; sourceTree = "<group>"; };
		6286B4B228B2A1DE000F5CD1 /* TabBarConstants.swift */ = {isa = PBXFileReference; fileEncoding = 4; lastKnownFileType = sourcecode.swift; path = TabBarConstants.swift; sourceTree = "<group>"; };
		6286B4D928B2A79D000F5CD1 /* AppDependencies.swift */ = {isa = PBXFileReference; fileEncoding = 4; lastKnownFileType = sourcecode.swift; path = AppDependencies.swift; sourceTree = "<group>"; };
		6286B4DA28B2A79D000F5CD1 /* AppTheme.swift */ = {isa = PBXFileReference; fileEncoding = 4; lastKnownFileType = sourcecode.swift; path = AppTheme.swift; sourceTree = "<group>"; };
		6286B4DD28B2AE0E000F5CD1 /* SpinnerView.swift */ = {isa = PBXFileReference; fileEncoding = 4; lastKnownFileType = sourcecode.swift; path = SpinnerView.swift; sourceTree = "<group>"; };
		628B4F2026654CF400E1A76D /* Event.swift */ = {isa = PBXFileReference; lastKnownFileType = sourcecode.swift; path = Event.swift; sourceTree = "<group>"; };
		62A06884264313CE00E80BC3 /* SwitchBagTableViewCell.swift */ = {isa = PBXFileReference; lastKnownFileType = sourcecode.swift; path = SwitchBagTableViewCell.swift; sourceTree = "<group>"; };
		62AC762C29169A8500ECB762 /* SearchRange.swift */ = {isa = PBXFileReference; lastKnownFileType = sourcecode.swift; path = SearchRange.swift; sourceTree = "<group>"; };
		62AC762E29169D4B00ECB762 /* GeoExtensions.swift */ = {isa = PBXFileReference; lastKnownFileType = sourcecode.swift; path = GeoExtensions.swift; sourceTree = "<group>"; };
		62B928172655EBFF00981232 /* UserProfile.swift */ = {isa = PBXFileReference; lastKnownFileType = sourcecode.swift; path = UserProfile.swift; sourceTree = "<group>"; };
		62C04E8525F29B0500D4F4B6 /* GoogleService-Info.plist */ = {isa = PBXFileReference; fileEncoding = 4; lastKnownFileType = text.plist.xml; path = "GoogleService-Info.plist"; sourceTree = "<group>"; };
		62C04EB825F2A5AC00D4F4B6 /* Disc.swift */ = {isa = PBXFileReference; lastKnownFileType = sourcecode.swift; path = Disc.swift; sourceTree = "<group>"; };
		62C04EBB25F2A5B100D4F4B6 /* Bag.swift */ = {isa = PBXFileReference; lastKnownFileType = sourcecode.swift; path = Bag.swift; sourceTree = "<group>"; };
		62C04EBE25F2A62000D4F4B6 /* AuthManager.swift */ = {isa = PBXFileReference; lastKnownFileType = sourcecode.swift; path = AuthManager.swift; sourceTree = "<group>"; };
		62C04EC125F2A63600D4F4B6 /* UserDB.swift */ = {isa = PBXFileReference; lastKnownFileType = sourcecode.swift; path = UserDB.swift; sourceTree = "<group>"; };
		62C04EC425F2A63C00D4F4B6 /* DiscDB.swift */ = {isa = PBXFileReference; lastKnownFileType = sourcecode.swift; path = DiscDB.swift; sourceTree = "<group>"; };
		62C04EC725F2A64800D4F4B6 /* Storage.swift */ = {isa = PBXFileReference; lastKnownFileType = sourcecode.swift; path = Storage.swift; sourceTree = "<group>"; };
		62C04ECA25F2A6D500D4F4B6 /* Network Error.swift */ = {isa = PBXFileReference; lastKnownFileType = sourcecode.swift; path = "Network Error.swift"; sourceTree = "<group>"; };
		62C04ECD25F2A6E400D4F4B6 /* Extensions.swift */ = {isa = PBXFileReference; lastKnownFileType = sourcecode.swift; path = Extensions.swift; sourceTree = "<group>"; };
		62C04ED725F2A81600D4F4B6 /* ProfileViewController.swift */ = {isa = PBXFileReference; lastKnownFileType = sourcecode.swift; path = ProfileViewController.swift; sourceTree = "<group>"; };
		62C04EDA25F2A81B00D4F4B6 /* BagViewController.swift */ = {isa = PBXFileReference; lastKnownFileType = sourcecode.swift; path = BagViewController.swift; sourceTree = "<group>"; };
		62C04EDD25F2A83000D4F4B6 /* MarketViewController.swift */ = {isa = PBXFileReference; lastKnownFileType = sourcecode.swift; path = MarketViewController.swift; sourceTree = "<group>"; };
		62C04EE025F2A83F00D4F4B6 /* EventSearchViewController.swift */ = {isa = PBXFileReference; lastKnownFileType = sourcecode.swift; path = EventSearchViewController.swift; sourceTree = "<group>"; };
		62C04EE325F2A86700D4F4B6 /* LoginViewController.swift */ = {isa = PBXFileReference; lastKnownFileType = sourcecode.swift; path = LoginViewController.swift; sourceTree = "<group>"; };
		62C04EE625F2A86C00D4F4B6 /* RegistrationViewController.swift */ = {isa = PBXFileReference; lastKnownFileType = sourcecode.swift; path = RegistrationViewController.swift; sourceTree = "<group>"; };
		62C04EE925F2A88B00D4F4B6 /* ImagePickerViewController.swift */ = {isa = PBXFileReference; lastKnownFileType = sourcecode.swift; path = ImagePickerViewController.swift; sourceTree = "<group>"; };
		62C04EF125F2A8B300D4F4B6 /* SettingsViewController.swift */ = {isa = PBXFileReference; lastKnownFileType = sourcecode.swift; path = SettingsViewController.swift; sourceTree = "<group>"; };
		62C04EF725F2A92000D4F4B6 /* DiscSearchTableViewController.swift */ = {isa = PBXFileReference; lastKnownFileType = sourcecode.swift; path = DiscSearchTableViewController.swift; sourceTree = "<group>"; };
		62C04EFA25F2A94200D4F4B6 /* DiscDetailViewController.swift */ = {isa = PBXFileReference; lastKnownFileType = sourcecode.swift; path = DiscDetailViewController.swift; sourceTree = "<group>"; };
		62C04EFD25F2A96D00D4F4B6 /* SwitchBagTableViewController.swift */ = {isa = PBXFileReference; lastKnownFileType = sourcecode.swift; path = SwitchBagTableViewController.swift; sourceTree = "<group>"; };
		62C04F0025F2A97E00D4F4B6 /* CreateNewBagViewController.swift */ = {isa = PBXFileReference; lastKnownFileType = sourcecode.swift; path = CreateNewBagViewController.swift; sourceTree = "<group>"; };
		62D207A1262E2B6300FF6C9F /* MyOffersViewController.swift */ = {isa = PBXFileReference; lastKnownFileType = sourcecode.swift; path = MyOffersViewController.swift; sourceTree = "<group>"; };
		62D207A4262E2B6D00FF6C9F /* MyOfferDetailViewController.swift */ = {isa = PBXFileReference; lastKnownFileType = sourcecode.swift; path = MyOfferDetailViewController.swift; sourceTree = "<group>"; };
		62D207A7262E2BA200FF6C9F /* MarketItemDetailViewController.swift */ = {isa = PBXFileReference; lastKnownFileType = sourcecode.swift; path = MarketItemDetailViewController.swift; sourceTree = "<group>"; };
		62D207AA262E2CC700FF6C9F /* ConversationListViewController.swift */ = {isa = PBXFileReference; lastKnownFileType = sourcecode.swift; path = ConversationListViewController.swift; sourceTree = "<group>"; };
		62D207AD262E2CDD00FF6C9F /* ConversationViewController.swift */ = {isa = PBXFileReference; lastKnownFileType = sourcecode.swift; path = ConversationViewController.swift; sourceTree = "<group>"; };
		62E27F0E2652DB5500106333 /* LocationManager.swift */ = {isa = PBXFileReference; lastKnownFileType = sourcecode.swift; path = LocationManager.swift; sourceTree = "<group>"; };
		62E27F102652DBCB00106333 /* Location.swift */ = {isa = PBXFileReference; lastKnownFileType = sourcecode.swift; path = Location.swift; sourceTree = "<group>"; };
		62F8326329C4A3550007F3A8 /* Default.swift */ = {isa = PBXFileReference; lastKnownFileType = sourcecode.swift; path = Default.swift; sourceTree = "<group>"; };
		9BE2F152749CF7993F0402D6 /* Pods_DiscUP.framework */ = {isa = PBXFileReference; explicitFileType = wrapper.framework; includeInIndex = 0; path = Pods_DiscUP.framework; sourceTree = BUILT_PRODUCTS_DIR; };
		E26A72DC8CD450C3E5B44019 /* Pods-DiscUP.release.xcconfig */ = {isa = PBXFileReference; includeInIndex = 1; lastKnownFileType = text.xcconfig; name = "Pods-DiscUP.release.xcconfig"; path = "Target Support Files/Pods-DiscUP/Pods-DiscUP.release.xcconfig"; sourceTree = "<group>"; };
/* End PBXFileReference section */

/* Begin PBXFrameworksBuildPhase section */
		62518D4625F1648400A6753B /* Frameworks */ = {
			isa = PBXFrameworksBuildPhase;
			buildActionMask = 2147483647;
			files = (
				C97407DB3D3FB52E6859EF35 /* Pods_DiscUP.framework in Frameworks */,
			);
			runOnlyForDeploymentPostprocessing = 0;
		};
/* End PBXFrameworksBuildPhase section */

/* Begin PBXGroup section */
		0608CF506F91646CD0E79C80 /* Pods */ = {
			isa = PBXGroup;
			children = (
				346F05CA14D0A82C1D2C41C4 /* Pods-DiscUP.debug.xcconfig */,
				E26A72DC8CD450C3E5B44019 /* Pods-DiscUP.release.xcconfig */,
			);
			path = Pods;
			sourceTree = "<group>";
		};
		0DB617D97333F669B33A2C36 /* Frameworks */ = {
			isa = PBXGroup;
			children = (
				9BE2F152749CF7993F0402D6 /* Pods_DiscUP.framework */,
			);
			name = Frameworks;
			sourceTree = "<group>";
		};
		6207C91228BA78DD00AC59EE /* V2 Models */ = {
			isa = PBXGroup;
			children = (
				6258209929875E45008CD874 /* Data Models */,
				6207C91328BA78FD00AC59EE /* MarketItemV2.swift */,
				6207C91528BA79A500AC59EE /* MarketImage.swift */,
				6207C91728BA79CF00AC59EE /* AppUser.swift */,
				62AC762C29169A8500ECB762 /* SearchRange.swift */,
			);
			path = "V2 Models";
			sourceTree = "<group>";
		};
		6207C91928BA89A500AC59EE /* Views */ = {
			isa = PBXGroup;
			children = (
				6207C91C28BA89BD00AC59EE /* SwiftUI Views */,
				6207C91B28BA89B700AC59EE /* View Modifiers */,
			);
			path = Views;
			sourceTree = "<group>";
		};
		6207C91B28BA89B700AC59EE /* View Modifiers */ = {
			isa = PBXGroup;
			children = (
				6207C92328BA8AEE00AC59EE /* CornerRadiusStyle.swift */,
			);
			path = "View Modifiers";
			sourceTree = "<group>";
		};
		6207C91C28BA89BD00AC59EE /* SwiftUI Views */ = {
			isa = PBXGroup;
			children = (
				6207C91D28BA89D600AC59EE /* ItemDetailImagesView.swift */,
				6207C91F28BA8AB100AC59EE /* ItemsCollectionView.swift */,
				6207C92128BA8ACF00AC59EE /* ItemThumbView.swift */,
				6207C92528BA8DA000AC59EE /* ImagePicker.swift */,
				6207C92728BA8DB200AC59EE /* EditItemDetailsView.swift */,
				6207C92928BA8DBA00AC59EE /* EditPhotosView.swift */,
			);
			path = "SwiftUI Views";
			sourceTree = "<group>";
		};
		6207CB9128B29EBB00CDF9A3 /* V2 */ = {
			isa = PBXGroup;
			children = (
				6286B4D828B2A778000F5CD1 /* App */,
				6207C91928BA89A500AC59EE /* Views */,
				6207C91228BA78DD00AC59EE /* V2 Models */,
				6207CBA728B29FDE00CDF9A3 /* Features */,
				6207CB9428B29F2200CDF9A3 /* Components */,
			);
			path = V2;
			sourceTree = "<group>";
		};
		6207CB9428B29F2200CDF9A3 /* Components */ = {
			isa = PBXGroup;
			children = (
				6286B46C28B2A1CD000F5CD1 /* Foundation */,
				6286B46328B2A1CD000F5CD1 /* View Controllers */,
			);
			path = Components;
			sourceTree = "<group>";
		};
		6207CBA728B29FDE00CDF9A3 /* Features */ = {
			isa = PBXGroup;
			children = (
				6286B48228B2A1DE000F5CD1 /* Buy */,
				6286B49728B2A1DE000F5CD1 /* Sell */,
				6286B48E28B2A1DE000F5CD1 /* Messages */,
				625114F428C41992001E9D72 /* Profile */,
				6286B4B028B2A1DE000F5CD1 /* TabBar */,
			);
			path = Features;
			sourceTree = "<group>";
		};
		6209462F264A135800E4C6BC /* CV Cells */ = {
			isa = PBXGroup;
			children = (
				62094630264A138A00E4C6BC /* MarketCollectionViewCell.swift */,
			);
			path = "CV Cells";
			sourceTree = "<group>";
		};
		62492A9E25F2F7CB00A24A05 /* Views */ = {
			isa = PBXGroup;
			children = (
				6255B5DE2622442900B3A53D /* EventTableViewCell.swift */,
				6209462F264A135800E4C6BC /* CV Cells */,
				62492A9F25F2F7D000A24A05 /* TV Cells */,
				621E6750265ECD1F00CDDFBB /* CamerInputBarAccessoryView.swift */,
			);
			path = Views;
			sourceTree = "<group>";
		};
		62492A9F25F2F7D000A24A05 /* TV Cells */ = {
			isa = PBXGroup;
			children = (
				62492AA025F2F80300A24A05 /* BaggedDiscTableViewCell.swift */,
				6255B5DB2622442300B3A53D /* LinkTableViewCell.swift */,
				62A06884264313CE00E80BC3 /* SwitchBagTableViewCell.swift */,
				6250097F26619C6D00CD63E8 /* ConversationTableViewCell.swift */,
			);
			path = "TV Cells";
			sourceTree = "<group>";
		};
		625114F428C41992001E9D72 /* Profile */ = {
			isa = PBXGroup;
			children = (
				625114FB28C41AF3001E9D72 /* ProfileOption.swift */,
				625114F528C41AC2001E9D72 /* ProfileCoordinator.swift */,
				625114F728C41ACB001E9D72 /* ProfileViewControllerV2.swift */,
				625114F928C41AD2001E9D72 /* ProfileRootView.swift */,
				6286B49228B2A1DE000F5CD1 /* Settings */,
			);
			path = Profile;
			sourceTree = "<group>";
		};
		62518D4025F1648400A6753B = {
			isa = PBXGroup;
			children = (
				6207C92B28BA91D100AC59EE /* TODO.swift */,
				62518D4B25F1648400A6753B /* DiscUP */,
				62518D4A25F1648400A6753B /* Products */,
				0608CF506F91646CD0E79C80 /* Pods */,
				0DB617D97333F669B33A2C36 /* Frameworks */,
			);
			sourceTree = "<group>";
		};
		62518D4A25F1648400A6753B /* Products */ = {
			isa = PBXGroup;
			children = (
				62518D4925F1648400A6753B /* DiscUP.app */,
			);
			name = Products;
			sourceTree = "<group>";
		};
		62518D4B25F1648400A6753B /* DiscUP */ = {
			isa = PBXGroup;
			children = (
				6207CB9128B29EBB00CDF9A3 /* V2 */,
				62C04EB425F2A56B00D4F4B6 /* Helpers */,
				62C04EB625F2A58E00D4F4B6 /* Models */,
				62C04EB525F2A58400D4F4B6 /* Firebase */,
				6255B5E72622452800B3A53D /* PDGAapi */,
				62C04E7225F2948600D4F4B6 /* View Controllers */,
				62492A9E25F2F7CB00A24A05 /* Views */,
				62C04E7125F2947A00D4F4B6 /* Storyboards */,
				62C04E7025F2946700D4F4B6 /* Resources */,
				62518D5A25F1648600A6753B /* Info.plist */,
				62C04E8525F29B0500D4F4B6 /* GoogleService-Info.plist */,
			);
			path = DiscUP;
			sourceTree = "<group>";
		};
		6255B5E72622452800B3A53D /* PDGAapi */ = {
			isa = PBXGroup;
			children = (
				6255B5E82622453A00B3A53D /* ApiController.swift */,
			);
			path = PDGAapi;
			sourceTree = "<group>";
		};
		6258209929875E45008CD874 /* Data Models */ = {
			isa = PBXGroup;
			children = (
				62582097298758F9008CD874 /* MarketItemDataModel.swift */,
			);
			path = "Data Models";
			sourceTree = "<group>";
		};
		6286B46328B2A1CD000F5CD1 /* View Controllers */ = {
			isa = PBXGroup;
			children = (
				6286B46428B2A1CD000F5CD1 /* LogInVC */,
				6286B46828B2A1CD000F5CD1 /* EditPhotosVC */,
			);
			path = "View Controllers";
			sourceTree = "<group>";
		};
		6286B46428B2A1CD000F5CD1 /* LogInVC */ = {
			isa = PBXGroup;
			children = (
				6286B46528B2A1CD000F5CD1 /* LogInCoordinator.swift */,
				6286B46628B2A1CD000F5CD1 /* LogInRootView.swift */,
				6286B46728B2A1CD000F5CD1 /* LogInViewController.swift */,
			);
			path = LogInVC;
			sourceTree = "<group>";
		};
		6286B46828B2A1CD000F5CD1 /* EditPhotosVC */ = {
			isa = PBXGroup;
			children = (
				6286B46928B2A1CD000F5CD1 /* EditPhotosViewController.swift */,
				6286B46A28B2A1CD000F5CD1 /* EditPhotosRootView.swift */,
				6286B46B28B2A1CD000F5CD1 /* EditPhotosCoordinator.swift */,
			);
			path = EditPhotosVC;
			sourceTree = "<group>";
		};
		6286B46C28B2A1CD000F5CD1 /* Foundation */ = {
			isa = PBXGroup;
			children = (
				6286B46D28B2A1CD000F5CD1 /* UI */,
				6286B47328B2A1CD000F5CD1 /* ViewModel.swift */,
				6286B47428B2A1CD000F5CD1 /* Coordinator.swift */,
			);
			path = Foundation;
			sourceTree = "<group>";
		};
		6286B46D28B2A1CD000F5CD1 /* UI */ = {
			isa = PBXGroup;
			children = (
				6286B4DD28B2AE0E000F5CD1 /* SpinnerView.swift */,
				6286B46E28B2A1CD000F5CD1 /* BaseViewController.swift */,
				6286B46F28B2A1CD000F5CD1 /* BaseTableViewCell.swift */,
				6286B47028B2A1CD000F5CD1 /* BaseHostingController.swift */,
				6286B47128B2A1CD000F5CD1 /* NavigationController.swift */,
				6286B47228B2A1CD000F5CD1 /* BaseView.swift */,
			);
			path = UI;
			sourceTree = "<group>";
		};
		6286B48228B2A1DE000F5CD1 /* Buy */ = {
			isa = PBXGroup;
			children = (
				6286B48328B2A1DE000F5CD1 /* BuyRootView.swift */,
				6286B48428B2A1DE000F5CD1 /* BuyCoordinator.swift */,
				6286B48D28B2A1DE000F5CD1 /* BuyViewController.swift */,
				6286B48528B2A1DE000F5CD1 /* Detail */,
			);
			path = Buy;
			sourceTree = "<group>";
		};
		6286B48528B2A1DE000F5CD1 /* Detail */ = {
			isa = PBXGroup;
			children = (
				6286B48628B2A1DE000F5CD1 /* Subviews */,
				6286B48A28B2A1DE000F5CD1 /* BuyDetailViewController.swift */,
				6286B48B28B2A1DE000F5CD1 /* BuyDetailRootView.swift */,
				6286B48C28B2A1DE000F5CD1 /* BuyDetailCoordinator.swift */,
			);
			path = Detail;
			sourceTree = "<group>";
		};
		6286B48628B2A1DE000F5CD1 /* Subviews */ = {
			isa = PBXGroup;
			children = (
				6286B48728B2A1DE000F5CD1 /* BuyDetailHeadlineView.swift */,
				6286B48828B2A1DE000F5CD1 /* SearchHeaderView.swift */,
				6286B48928B2A1DE000F5CD1 /* BuyDetailImagesView***.swift */,
			);
			path = Subviews;
			sourceTree = "<group>";
		};
		6286B48E28B2A1DE000F5CD1 /* Messages */ = {
			isa = PBXGroup;
			children = (
				6286B48F28B2A1DE000F5CD1 /* MessagesCoordinator.swift */,
				6286B49028B2A1DE000F5CD1 /* MessagesVC.swift */,
				6286B49128B2A1DE000F5CD1 /* MessagesRootView.swift */,
			);
			path = Messages;
			sourceTree = "<group>";
		};
		6286B49228B2A1DE000F5CD1 /* Settings */ = {
			isa = PBXGroup;
			children = (
				6286B49328B2A1DE000F5CD1 /* SettingsCoordinator.swift */,
				6286B49428B2A1DE000F5CD1 /* Settings.swift */,
				6286B49528B2A1DE000F5CD1 /* SettingsRootView.swift */,
				6286B49628B2A1DE000F5CD1 /* SettingsVC.swift */,
			);
			path = Settings;
			sourceTree = "<group>";
		};
		6286B49728B2A1DE000F5CD1 /* Sell */ = {
			isa = PBXGroup;
			children = (
				6286B49828B2A1DE000F5CD1 /* SellNewItemFlow */,
				6286B4A128B2A1DE000F5CD1 /* Detail */,
				6286B4AD28B2A1DE000F5CD1 /* SellViewController.swift */,
				6286B4AE28B2A1DE000F5CD1 /* SellRootView.swift */,
				6286B4AF28B2A1DE000F5CD1 /* SellCoordinator.swift */,
			);
			path = Sell;
			sourceTree = "<group>";
		};
		6286B49828B2A1DE000F5CD1 /* SellNewItemFlow */ = {
			isa = PBXGroup;
			children = (
				6286B49928B2A1DE000F5CD1 /* SellNewItemViewController.swift */,
				6286B49A28B2A1DE000F5CD1 /* SellNewItemView.swift */,
				6286B49B28B2A1DE000F5CD1 /* SellNewItemCoordinator.swift */,
				6286B49C28B2A1DE000F5CD1 /* Pages */,
				6286B4A028B2A1DE000F5CD1 /* SellNewPageTabView.swift */,
			);
			path = SellNewItemFlow;
			sourceTree = "<group>";
		};
		6286B49C28B2A1DE000F5CD1 /* Pages */ = {
			isa = PBXGroup;
			children = (
				6286B49D28B2A1DE000F5CD1 /* SellNewPreviewPageView.swift */,
				6286B49E28B2A1DE000F5CD1 /* SellNewDetailsPageView.swift */,
				6286B49F28B2A1DE000F5CD1 /* SellNewPhotosPageView.swift */,
			);
			path = Pages;
			sourceTree = "<group>";
		};
		6286B4A128B2A1DE000F5CD1 /* Detail */ = {
			isa = PBXGroup;
			children = (
				6286B4A228B2A1DE000F5CD1 /* SellDetailCoordinator.swift */,
				6286B4A328B2A1DE000F5CD1 /* Subviews */,
				6286B4AB28B2A1DE000F5CD1 /* SellDetailViewController.swift */,
				6286B4AC28B2A1DE000F5CD1 /* SellDetailRootView.swift */,
			);
			path = Detail;
			sourceTree = "<group>";
		};
		6286B4A328B2A1DE000F5CD1 /* Subviews */ = {
			isa = PBXGroup;
			children = (
				6286B4A428B2A1DE000F5CD1 /* SellDetailButtonsView.swift */,
				6286B4A528B2A1DE000F5CD1 /* SellDetailHeadlineView.swift */,
				6286B4A628B2A1DE000F5CD1 /* Popovers */,
				6286B4A828B2A1DE000F5CD1 /* SellDetailSaveButtonsView.swift */,
				6286B4A928B2A1DE000F5CD1 /* SellDetailDescriptionView.swift */,
				6286B4AA28B2A1DE000F5CD1 /* SellEditOption.swift */,
			);
			path = Subviews;
			sourceTree = "<group>";
		};
		6286B4A628B2A1DE000F5CD1 /* Popovers */ = {
			isa = PBXGroup;
			children = (
				6286B4A728B2A1DE000F5CD1 /* SellEditDetailsView.swift */,
			);
			path = Popovers;
			sourceTree = "<group>";
		};
		6286B4B028B2A1DE000F5CD1 /* TabBar */ = {
			isa = PBXGroup;
			children = (
				6286B4B128B2A1DE000F5CD1 /* MainTabBarController.swift */,
				6286B4B228B2A1DE000F5CD1 /* TabBarConstants.swift */,
			);
			path = TabBar;
			sourceTree = "<group>";
		};
		6286B4D828B2A778000F5CD1 /* App */ = {
			isa = PBXGroup;
			children = (
				6286B4D928B2A79D000F5CD1 /* AppDependencies.swift */,
				6286B4DA28B2A79D000F5CD1 /* AppTheme.swift */,
				62F8326329C4A3550007F3A8 /* Default.swift */,
			);
			path = App;
			sourceTree = "<group>";
		};
		62C04E7025F2946700D4F4B6 /* Resources */ = {
			isa = PBXGroup;
			children = (
				62518D4C25F1648400A6753B /* AppDelegate.swift */,
				62518D4E25F1648400A6753B /* SceneDelegate.swift */,
				62518D5525F1648600A6753B /* Assets.xcassets */,
				6255B5F22622465C00B3A53D /* ApiLogin.plist */,
			);
			path = Resources;
			sourceTree = "<group>";
		};
		62C04E7125F2947A00D4F4B6 /* Storyboards */ = {
			isa = PBXGroup;
			children = (
				62518D5225F1648400A6753B /* Main.storyboard */,
				62518D5725F1648600A6753B /* LaunchScreen.storyboard */,
				62492A9525F2C20A00A24A05 /* Login.storyboard */,
			);
			path = Storyboards;
			sourceTree = "<group>";
		};
		62C04E7225F2948600D4F4B6 /* View Controllers */ = {
			isa = PBXGroup;
			children = (
				62D2079C262E26AF00FF6C9F /* Messages Tab */,
				62D2079B262E26A500FF6C9F /* DiscSwap Tab */,
				62D2079A262E269C00FF6C9F /* Discs Tab */,
				62D20799262E268B00FF6C9F /* Profile Tab */,
				62D20798262E266900FF6C9F /* Events Tab */,
				62C04ED325F2A77100D4F4B6 /* login */,
				62C04ED225F2A75A00D4F4B6 /* Temp */,
			);
			path = "View Controllers";
			sourceTree = "<group>";
		};
		62C04EB425F2A56B00D4F4B6 /* Helpers */ = {
			isa = PBXGroup;
			children = (
				62C04ECA25F2A6D500D4F4B6 /* Network Error.swift */,
				62C04ECD25F2A6E400D4F4B6 /* Extensions.swift */,
				6255B5EB262245A400B3A53D /* DateFormatter.swift */,
				6255B5EE262245E100B3A53D /* UIClasses.swift */,
				62677436264FFAF800899183 /* MediaPermissions.swift */,
				62E27F0E2652DB5500106333 /* LocationManager.swift */,
				62383376265741EE0043B4CA /* Alerts.swift */,
				62AC762E29169D4B00ECB762 /* GeoExtensions.swift */,
				62E4481B2AA025EB004EA6C9 /* ImageMediaItem.swift */,
			);
			path = Helpers;
			sourceTree = "<group>";
		};
		62C04EB525F2A58400D4F4B6 /* Firebase */ = {
			isa = PBXGroup;
			children = (
				62C04EBE25F2A62000D4F4B6 /* AuthManager.swift */,
				62C04EC125F2A63600D4F4B6 /* UserDB.swift */,
				62C04EC425F2A63C00D4F4B6 /* DiscDB.swift */,
				6209462B2649C5F600E4C6BC /* MarketDB.swift */,
				6209462D2649C5FE00E4C6BC /* MessagingDB.swift */,
				62C04EC725F2A64800D4F4B6 /* Storage.swift */,
				62492A9825F2CC7900A24A05 /* BagManager.swift */,
				620946272649C19B00E4C6BC /* MarketManager.swift */,
				620946292649C4C500E4C6BC /* MessagingManager.swift */,
			);
			path = Firebase;
			sourceTree = "<group>";
		};
		62C04EB625F2A58E00D4F4B6 /* Models */ = {
			isa = PBXGroup;
			children = (
				62C04EB825F2A5AC00D4F4B6 /* Disc.swift */,
				62C04EBB25F2A5B100D4F4B6 /* Bag.swift */,
				626C74AE264B1236001E7B50 /* MarketItem.swift */,
				62E27F102652DBCB00106333 /* Location.swift */,
				62B928172655EBFF00981232 /* UserProfile.swift */,
				623833702656CE7B0043B4CA /* MKmessage.swift */,
				623833722656CE830043B4CA /* MKuser.swift */,
				623833742656CEEA0043B4CA /* Conversation.swift */,
				628B4F2026654CF400E1A76D /* Event.swift */,
			);
			path = Models;
			sourceTree = "<group>";
		};
		62C04ED225F2A75A00D4F4B6 /* Temp */ = {
			isa = PBXGroup;
			children = (
				62C04EE925F2A88B00D4F4B6 /* ImagePickerViewController.swift */,
			);
			path = Temp;
			sourceTree = "<group>";
		};
		62C04ED325F2A77100D4F4B6 /* login */ = {
			isa = PBXGroup;
			children = (
				62C04EE325F2A86700D4F4B6 /* LoginViewController.swift */,
				62C04EE625F2A86C00D4F4B6 /* RegistrationViewController.swift */,
			);
			path = login;
			sourceTree = "<group>";
		};
		62D20798262E266900FF6C9F /* Events Tab */ = {
			isa = PBXGroup;
			children = (
				62C04EE025F2A83F00D4F4B6 /* EventSearchViewController.swift */,
				6255B5E1262244C400B3A53D /* EventDetailViewController.swift */,
			);
			path = "Events Tab";
			sourceTree = "<group>";
		};
		62D20799262E268B00FF6C9F /* Profile Tab */ = {
			isa = PBXGroup;
			children = (
				62C04ED725F2A81600D4F4B6 /* ProfileViewController.swift */,
				62C04EF125F2A8B300D4F4B6 /* SettingsViewController.swift */,
				620D6C12265C1B1B00D42C7F /* BlockedUsersTableViewController.swift */,
			);
			path = "Profile Tab";
			sourceTree = "<group>";
		};
		62D2079A262E269C00FF6C9F /* Discs Tab */ = {
			isa = PBXGroup;
			children = (
				62C04EDA25F2A81B00D4F4B6 /* BagViewController.swift */,
				62C04EFD25F2A96D00D4F4B6 /* SwitchBagTableViewController.swift */,
				62C04F0025F2A97E00D4F4B6 /* CreateNewBagViewController.swift */,
				62C04EF725F2A92000D4F4B6 /* DiscSearchTableViewController.swift */,
				62C04EFA25F2A94200D4F4B6 /* DiscDetailViewController.swift */,
			);
			path = "Discs Tab";
			sourceTree = "<group>";
		};
		62D2079B262E26A500FF6C9F /* DiscSwap Tab */ = {
			isa = PBXGroup;
			children = (
				62C04EDD25F2A83000D4F4B6 /* MarketViewController.swift */,
				62D207A7262E2BA200FF6C9F /* MarketItemDetailViewController.swift */,
				62D207A1262E2B6300FF6C9F /* MyOffersViewController.swift */,
				62D207A4262E2B6D00FF6C9F /* MyOfferDetailViewController.swift */,
			);
			path = "DiscSwap Tab";
			sourceTree = "<group>";
		};
		62D2079C262E26AF00FF6C9F /* Messages Tab */ = {
			isa = PBXGroup;
			children = (
				62D207AA262E2CC700FF6C9F /* ConversationListViewController.swift */,
				62D207AD262E2CDD00FF6C9F /* ConversationViewController.swift */,
				6250097D266185AE00CD63E8 /* ImageDetailViewController.swift */,
			);
			path = "Messages Tab";
			sourceTree = "<group>";
		};
/* End PBXGroup section */

/* Begin PBXNativeTarget section */
		62518D4825F1648400A6753B /* DiscUP */ = {
			isa = PBXNativeTarget;
			buildConfigurationList = 62518D5D25F1648600A6753B /* Build configuration list for PBXNativeTarget "DiscUP" */;
			buildPhases = (
				CA19A70584ACB2858FBB4984 /* [CP] Check Pods Manifest.lock */,
				62518D4525F1648400A6753B /* Sources */,
				62518D4625F1648400A6753B /* Frameworks */,
				62518D4725F1648400A6753B /* Resources */,
				CA005BC5DD51BC6E93F228FA /* [CP] Embed Pods Frameworks */,
			);
			buildRules = (
			);
			dependencies = (
			);
			name = DiscUP;
			productName = DiscUP;
			productReference = 62518D4925F1648400A6753B /* DiscUP.app */;
			productType = "com.apple.product-type.application";
		};
/* End PBXNativeTarget section */

/* Begin PBXProject section */
		62518D4125F1648400A6753B /* Project object */ = {
			isa = PBXProject;
			attributes = {
				LastSwiftUpdateCheck = 1240;
				LastUpgradeCheck = 1240;
				TargetAttributes = {
					62518D4825F1648400A6753B = {
						CreatedOnToolsVersion = 12.4;
					};
				};
			};
			buildConfigurationList = 62518D4425F1648400A6753B /* Build configuration list for PBXProject "DiscUP" */;
			compatibilityVersion = "Xcode 9.3";
			developmentRegion = en;
			hasScannedForEncodings = 0;
			knownRegions = (
				en,
				Base,
			);
			mainGroup = 62518D4025F1648400A6753B;
			productRefGroup = 62518D4A25F1648400A6753B /* Products */;
			projectDirPath = "";
			projectRoot = "";
			targets = (
				62518D4825F1648400A6753B /* DiscUP */,
			);
		};
/* End PBXProject section */

/* Begin PBXResourcesBuildPhase section */
		62518D4725F1648400A6753B /* Resources */ = {
			isa = PBXResourcesBuildPhase;
			buildActionMask = 2147483647;
			files = (
				62518D5925F1648600A6753B /* LaunchScreen.storyboard in Resources */,
				6255B5F32622465C00B3A53D /* ApiLogin.plist in Resources */,
				62C04E8625F29B0500D4F4B6 /* GoogleService-Info.plist in Resources */,
				62518D5625F1648600A6753B /* Assets.xcassets in Resources */,
				62492A9625F2C20A00A24A05 /* Login.storyboard in Resources */,
				62518D5425F1648400A6753B /* Main.storyboard in Resources */,
			);
			runOnlyForDeploymentPostprocessing = 0;
		};
/* End PBXResourcesBuildPhase section */

/* Begin PBXShellScriptBuildPhase section */
		CA005BC5DD51BC6E93F228FA /* [CP] Embed Pods Frameworks */ = {
			isa = PBXShellScriptBuildPhase;
			buildActionMask = 2147483647;
			files = (
			);
			inputFileListPaths = (
				"${PODS_ROOT}/Target Support Files/Pods-DiscUP/Pods-DiscUP-frameworks-${CONFIGURATION}-input-files.xcfilelist",
			);
			name = "[CP] Embed Pods Frameworks";
			outputFileListPaths = (
				"${PODS_ROOT}/Target Support Files/Pods-DiscUP/Pods-DiscUP-frameworks-${CONFIGURATION}-output-files.xcfilelist",
			);
			runOnlyForDeploymentPostprocessing = 0;
			shellPath = /bin/sh;
			shellScript = "\"${PODS_ROOT}/Target Support Files/Pods-DiscUP/Pods-DiscUP-frameworks.sh\"\n";
			showEnvVarsInLog = 0;
		};
		CA19A70584ACB2858FBB4984 /* [CP] Check Pods Manifest.lock */ = {
			isa = PBXShellScriptBuildPhase;
			buildActionMask = 2147483647;
			files = (
			);
			inputFileListPaths = (
			);
			inputPaths = (
				"${PODS_PODFILE_DIR_PATH}/Podfile.lock",
				"${PODS_ROOT}/Manifest.lock",
			);
			name = "[CP] Check Pods Manifest.lock";
			outputFileListPaths = (
			);
			outputPaths = (
				"$(DERIVED_FILE_DIR)/Pods-DiscUP-checkManifestLockResult.txt",
			);
			runOnlyForDeploymentPostprocessing = 0;
			shellPath = /bin/sh;
			shellScript = "diff \"${PODS_PODFILE_DIR_PATH}/Podfile.lock\" \"${PODS_ROOT}/Manifest.lock\" > /dev/null\nif [ $? != 0 ] ; then\n    # print error to STDERR\n    echo \"error: The sandbox is not in sync with the Podfile.lock. Run 'pod install' or update your CocoaPods installation.\" >&2\n    exit 1\nfi\n# This output is used by Xcode 'outputs' to avoid re-running this script phase.\necho \"SUCCESS\" > \"${SCRIPT_OUTPUT_FILE_0}\"\n";
			showEnvVarsInLog = 0;
		};
/* End PBXShellScriptBuildPhase section */

/* Begin PBXSourcesBuildPhase section */
		62518D4525F1648400A6753B /* Sources */ = {
			isa = PBXSourcesBuildPhase;
			buildActionMask = 2147483647;
			files = (
				62C04EEA25F2A88B00D4F4B6 /* ImagePickerViewController.swift in Sources */,
				62D207A2262E2B6300FF6C9F /* MyOffersViewController.swift in Sources */,
				6286B4B828B2A1DE000F5CD1 /* BuyDetailViewController.swift in Sources */,
				6209462E2649C5FE00E4C6BC /* MessagingDB.swift in Sources */,
				6207C92428BA8AEE00AC59EE /* CornerRadiusStyle.swift in Sources */,
				6286B4CB28B2A1DE000F5CD1 /* SellDetailButtonsView.swift in Sources */,
				6286B4C428B2A1DE000F5CD1 /* SellNewItemView.swift in Sources */,
				62D207AE262E2CDD00FF6C9F /* ConversationViewController.swift in Sources */,
				6286B4CC28B2A1DE000F5CD1 /* SellDetailHeadlineView.swift in Sources */,
				6286B4B328B2A1DE000F5CD1 /* BuyRootView.swift in Sources */,
				6286B4D328B2A1DE000F5CD1 /* SellViewController.swift in Sources */,
				6286B4DE28B2AE0E000F5CD1 /* SpinnerView.swift in Sources */,
				6286B47C28B2A1CD000F5CD1 /* BaseTableViewCell.swift in Sources */,
				6286B4BD28B2A1DE000F5CD1 /* MessagesVC.swift in Sources */,
				6286B47A28B2A1CD000F5CD1 /* EditPhotosCoordinator.swift in Sources */,
				6286B4BC28B2A1DE000F5CD1 /* MessagesCoordinator.swift in Sources */,
				6286B4DB28B2A79D000F5CD1 /* AppDependencies.swift in Sources */,
				6207C92628BA8DA000AC59EE /* ImagePicker.swift in Sources */,
				6286B47628B2A1CD000F5CD1 /* LogInRootView.swift in Sources */,
				6286B47928B2A1CD000F5CD1 /* EditPhotosRootView.swift in Sources */,
				6209462A2649C4C500E4C6BC /* MessagingManager.swift in Sources */,
				6286B47F28B2A1CD000F5CD1 /* BaseView.swift in Sources */,
				62582098298758F9008CD874 /* MarketItemDataModel.swift in Sources */,
				62C04EC225F2A63600D4F4B6 /* UserDB.swift in Sources */,
				6207C92A28BA8DBA00AC59EE /* EditPhotosView.swift in Sources */,
				62C04EF225F2A8B300D4F4B6 /* SettingsViewController.swift in Sources */,
				6207C92228BA8ACF00AC59EE /* ItemThumbView.swift in Sources */,
				62C04EDB25F2A81B00D4F4B6 /* BagViewController.swift in Sources */,
				62D207A5262E2B6D00FF6C9F /* MyOfferDetailViewController.swift in Sources */,
				6207C91E28BA89D600AC59EE /* ItemDetailImagesView.swift in Sources */,
				6286B4D728B2A1DE000F5CD1 /* TabBarConstants.swift in Sources */,
				6286B4B528B2A1DE000F5CD1 /* BuyDetailHeadlineView.swift in Sources */,
				62C04EB925F2A5AC00D4F4B6 /* Disc.swift in Sources */,
				62383377265741EE0043B4CA /* Alerts.swift in Sources */,
				6286B4D028B2A1DE000F5CD1 /* SellEditOption.swift in Sources */,
				6255B5E2262244C400B3A53D /* EventDetailViewController.swift in Sources */,
				620946282649C19B00E4C6BC /* MarketManager.swift in Sources */,
				6286B4D128B2A1DE000F5CD1 /* SellDetailViewController.swift in Sources */,
				6286B4C228B2A1DE000F5CD1 /* SettingsVC.swift in Sources */,
				62518D4D25F1648400A6753B /* AppDelegate.swift in Sources */,
				6286B4BE28B2A1DE000F5CD1 /* MessagesRootView.swift in Sources */,
				6286B47528B2A1CD000F5CD1 /* LogInCoordinator.swift in Sources */,
				62677437264FFAF800899183 /* MediaPermissions.swift in Sources */,
				6207C91828BA79CF00AC59EE /* AppUser.swift in Sources */,
				62E27F112652DBCB00106333 /* Location.swift in Sources */,
				6255B5EF262245E100B3A53D /* UIClasses.swift in Sources */,
				62C04EBC25F2A5B100D4F4B6 /* Bag.swift in Sources */,
				6286B47728B2A1CD000F5CD1 /* LogInViewController.swift in Sources */,
				62E27F0F2652DB5500106333 /* LocationManager.swift in Sources */,
				6286B4C728B2A1DE000F5CD1 /* SellNewDetailsPageView.swift in Sources */,
				6286B4DC28B2A79D000F5CD1 /* AppTheme.swift in Sources */,
				62094631264A138A00E4C6BC /* MarketCollectionViewCell.swift in Sources */,
				62C04EC525F2A63C00D4F4B6 /* DiscDB.swift in Sources */,
				6286B4D428B2A1DE000F5CD1 /* SellRootView.swift in Sources */,
				6286B4D228B2A1DE000F5CD1 /* SellDetailRootView.swift in Sources */,
				6286B4CA28B2A1DE000F5CD1 /* SellDetailCoordinator.swift in Sources */,
				62D207AB262E2CC700FF6C9F /* ConversationListViewController.swift in Sources */,
				6255B5DC2622442300B3A53D /* LinkTableViewCell.swift in Sources */,
				62C04EDE25F2A83000D4F4B6 /* MarketViewController.swift in Sources */,
				6255B5E92622453A00B3A53D /* ApiController.swift in Sources */,
				6286B47828B2A1CD000F5CD1 /* EditPhotosViewController.swift in Sources */,
				6286B4B628B2A1DE000F5CD1 /* SearchHeaderView.swift in Sources */,
				62C04ECE25F2A6E400D4F4B6 /* Extensions.swift in Sources */,
				62C04EE725F2A86C00D4F4B6 /* RegistrationViewController.swift in Sources */,
				6286B4B928B2A1DE000F5CD1 /* BuyDetailRootView.swift in Sources */,
				62E4481C2AA025EB004EA6C9 /* ImageMediaItem.swift in Sources */,
				6286B48028B2A1CD000F5CD1 /* ViewModel.swift in Sources */,
				62C04F0125F2A97E00D4F4B6 /* CreateNewBagViewController.swift in Sources */,
				6207C92C28BA91D100AC59EE /* TODO.swift in Sources */,
				62C04ED825F2A81600D4F4B6 /* ProfileViewController.swift in Sources */,
				6286B47B28B2A1CD000F5CD1 /* BaseViewController.swift in Sources */,
				6286B4C528B2A1DE000F5CD1 /* SellNewItemCoordinator.swift in Sources */,
				62D207A8262E2BA200FF6C9F /* MarketItemDetailViewController.swift in Sources */,
				62AC762D29169A8500ECB762 /* SearchRange.swift in Sources */,
				62492AA125F2F80300A24A05 /* BaggedDiscTableViewCell.swift in Sources */,
				6286B4BF28B2A1DE000F5CD1 /* SettingsCoordinator.swift in Sources */,
				6255B5DF2622442900B3A53D /* EventTableViewCell.swift in Sources */,
				6209462C2649C5F600E4C6BC /* MarketDB.swift in Sources */,
				621E6751265ECD1F00CDDFBB /* CamerInputBarAccessoryView.swift in Sources */,
				6286B48128B2A1CD000F5CD1 /* Coordinator.swift in Sources */,
				628B4F2126654CF400E1A76D /* Event.swift in Sources */,
				625114FC28C41AF3001E9D72 /* ProfileOption.swift in Sources */,
				62C04EC825F2A64800D4F4B6 /* Storage.swift in Sources */,
				6286B4CF28B2A1DE000F5CD1 /* SellDetailDescriptionView.swift in Sources */,
				62492A9925F2CC7900A24A05 /* BagManager.swift in Sources */,
				6255B5EC262245A400B3A53D /* DateFormatter.swift in Sources */,
				62AC762F29169D4B00ECB762 /* GeoExtensions.swift in Sources */,
				620D6C13265C1B1B00D42C7F /* BlockedUsersTableViewController.swift in Sources */,
				625114F828C41ACB001E9D72 /* ProfileViewControllerV2.swift in Sources */,
				6286B47E28B2A1CD000F5CD1 /* NavigationController.swift in Sources */,
				6286B4C028B2A1DE000F5CD1 /* Settings.swift in Sources */,
				62C04EFE25F2A96D00D4F4B6 /* SwitchBagTableViewController.swift in Sources */,
				6207C91628BA79A500AC59EE /* MarketImage.swift in Sources */,
				625114FA28C41AD2001E9D72 /* ProfileRootView.swift in Sources */,
				6286B4B428B2A1DE000F5CD1 /* BuyCoordinator.swift in Sources */,
				625114F628C41AC2001E9D72 /* ProfileCoordinator.swift in Sources */,
				62C04ECB25F2A6D500D4F4B6 /* Network Error.swift in Sources */,
				6207C91428BA78FD00AC59EE /* MarketItemV2.swift in Sources */,
				6207C92028BA8AB100AC59EE /* ItemsCollectionView.swift in Sources */,
				6286B4C928B2A1DE000F5CD1 /* SellNewPageTabView.swift in Sources */,
				6286B47D28B2A1CD000F5CD1 /* BaseHostingController.swift in Sources */,
				6286B4BA28B2A1DE000F5CD1 /* BuyDetailCoordinator.swift in Sources */,
				623833752656CEEA0043B4CA /* Conversation.swift in Sources */,
				623833732656CE830043B4CA /* MKuser.swift in Sources */,
				6250097E266185AE00CD63E8 /* ImageDetailViewController.swift in Sources */,
				6207C92828BA8DB200AC59EE /* EditItemDetailsView.swift in Sources */,
				62C04EE425F2A86700D4F4B6 /* LoginViewController.swift in Sources */,
				623833712656CE7B0043B4CA /* MKmessage.swift in Sources */,
				62A06885264313CE00E80BC3 /* SwitchBagTableViewCell.swift in Sources */,
				6286B4CD28B2A1DE000F5CD1 /* SellEditDetailsView.swift in Sources */,
				62518D4F25F1648400A6753B /* SceneDelegate.swift in Sources */,
				6286B4BB28B2A1DE000F5CD1 /* BuyViewController.swift in Sources */,
				62C04EBF25F2A62000D4F4B6 /* AuthManager.swift in Sources */,
				62C04EFB25F2A94200D4F4B6 /* DiscDetailViewController.swift in Sources */,
				6250098026619C6D00CD63E8 /* ConversationTableViewCell.swift in Sources */,
				6286B4CE28B2A1DE000F5CD1 /* SellDetailSaveButtonsView.swift in Sources */,
				6286B4D528B2A1DE000F5CD1 /* SellCoordinator.swift in Sources */,
				62F8326429C4A3550007F3A8 /* Default.swift in Sources */,
				62C04EF825F2A92000D4F4B6 /* DiscSearchTableViewController.swift in Sources */,
				626C74AF264B1236001E7B50 /* MarketItem.swift in Sources */,
				6286B4C828B2A1DE000F5CD1 /* SellNewPhotosPageView.swift in Sources */,
				6286B4C128B2A1DE000F5CD1 /* SettingsRootView.swift in Sources */,
				6286B4D628B2A1DE000F5CD1 /* MainTabBarController.swift in Sources */,
				6286B4C628B2A1DE000F5CD1 /* SellNewPreviewPageView.swift in Sources */,
				62B928182655EBFF00981232 /* UserProfile.swift in Sources */,
				6286B4B728B2A1DE000F5CD1 /* BuyDetailImagesView***.swift in Sources */,
				6286B4C328B2A1DE000F5CD1 /* SellNewItemViewController.swift in Sources */,
				62C04EE125F2A83F00D4F4B6 /* EventSearchViewController.swift in Sources */,
			);
			runOnlyForDeploymentPostprocessing = 0;
		};
/* End PBXSourcesBuildPhase section */

/* Begin PBXVariantGroup section */
		62518D5225F1648400A6753B /* Main.storyboard */ = {
			isa = PBXVariantGroup;
			children = (
				62518D5325F1648400A6753B /* Base */,
			);
			name = Main.storyboard;
			sourceTree = "<group>";
		};
		62518D5725F1648600A6753B /* LaunchScreen.storyboard */ = {
			isa = PBXVariantGroup;
			children = (
				62518D5825F1648600A6753B /* Base */,
			);
			name = LaunchScreen.storyboard;
			sourceTree = "<group>";
		};
/* End PBXVariantGroup section */

/* Begin XCBuildConfiguration section */
		62518D5B25F1648600A6753B /* Debug */ = {
			isa = XCBuildConfiguration;
			buildSettings = {
				ALWAYS_SEARCH_USER_PATHS = NO;
				CLANG_ANALYZER_NONNULL = YES;
				CLANG_ANALYZER_NUMBER_OBJECT_CONVERSION = YES_AGGRESSIVE;
				CLANG_CXX_LANGUAGE_STANDARD = "gnu++14";
				CLANG_CXX_LIBRARY = "libc++";
				CLANG_ENABLE_MODULES = YES;
				CLANG_ENABLE_OBJC_ARC = YES;
				CLANG_ENABLE_OBJC_WEAK = YES;
				CLANG_WARN_BLOCK_CAPTURE_AUTORELEASING = YES;
				CLANG_WARN_BOOL_CONVERSION = YES;
				CLANG_WARN_COMMA = YES;
				CLANG_WARN_CONSTANT_CONVERSION = YES;
				CLANG_WARN_DEPRECATED_OBJC_IMPLEMENTATIONS = YES;
				CLANG_WARN_DIRECT_OBJC_ISA_USAGE = YES_ERROR;
				CLANG_WARN_DOCUMENTATION_COMMENTS = YES;
				CLANG_WARN_EMPTY_BODY = YES;
				CLANG_WARN_ENUM_CONVERSION = YES;
				CLANG_WARN_INFINITE_RECURSION = YES;
				CLANG_WARN_INT_CONVERSION = YES;
				CLANG_WARN_NON_LITERAL_NULL_CONVERSION = YES;
				CLANG_WARN_OBJC_IMPLICIT_RETAIN_SELF = YES;
				CLANG_WARN_OBJC_LITERAL_CONVERSION = YES;
				CLANG_WARN_OBJC_ROOT_CLASS = YES_ERROR;
				CLANG_WARN_QUOTED_INCLUDE_IN_FRAMEWORK_HEADER = YES;
				CLANG_WARN_RANGE_LOOP_ANALYSIS = YES;
				CLANG_WARN_STRICT_PROTOTYPES = YES;
				CLANG_WARN_SUSPICIOUS_MOVE = YES;
				CLANG_WARN_UNGUARDED_AVAILABILITY = YES_AGGRESSIVE;
				CLANG_WARN_UNREACHABLE_CODE = YES;
				CLANG_WARN__DUPLICATE_METHOD_MATCH = YES;
				COPY_PHASE_STRIP = NO;
				DEBUG_INFORMATION_FORMAT = dwarf;
				ENABLE_STRICT_OBJC_MSGSEND = YES;
				ENABLE_TESTABILITY = YES;
				GCC_C_LANGUAGE_STANDARD = gnu11;
				GCC_DYNAMIC_NO_PIC = NO;
				GCC_NO_COMMON_BLOCKS = YES;
				GCC_OPTIMIZATION_LEVEL = 0;
				GCC_PREPROCESSOR_DEFINITIONS = (
					"DEBUG=1",
					"$(inherited)",
				);
				GCC_WARN_64_TO_32_BIT_CONVERSION = YES;
				GCC_WARN_ABOUT_RETURN_TYPE = YES_ERROR;
				GCC_WARN_UNDECLARED_SELECTOR = YES;
				GCC_WARN_UNINITIALIZED_AUTOS = YES_AGGRESSIVE;
				GCC_WARN_UNUSED_FUNCTION = YES;
				GCC_WARN_UNUSED_VARIABLE = YES;
				IPHONEOS_DEPLOYMENT_TARGET = 15.0;
				MTL_ENABLE_DEBUG_INFO = INCLUDE_SOURCE;
				MTL_FAST_MATH = YES;
				ONLY_ACTIVE_ARCH = YES;
				SDKROOT = iphoneos;
				SWIFT_ACTIVE_COMPILATION_CONDITIONS = DEBUG;
				SWIFT_OPTIMIZATION_LEVEL = "-Onone";
			};
			name = Debug;
		};
		62518D5C25F1648600A6753B /* Release */ = {
			isa = XCBuildConfiguration;
			buildSettings = {
				ALWAYS_SEARCH_USER_PATHS = NO;
				CLANG_ANALYZER_NONNULL = YES;
				CLANG_ANALYZER_NUMBER_OBJECT_CONVERSION = YES_AGGRESSIVE;
				CLANG_CXX_LANGUAGE_STANDARD = "gnu++14";
				CLANG_CXX_LIBRARY = "libc++";
				CLANG_ENABLE_MODULES = YES;
				CLANG_ENABLE_OBJC_ARC = YES;
				CLANG_ENABLE_OBJC_WEAK = YES;
				CLANG_WARN_BLOCK_CAPTURE_AUTORELEASING = YES;
				CLANG_WARN_BOOL_CONVERSION = YES;
				CLANG_WARN_COMMA = YES;
				CLANG_WARN_CONSTANT_CONVERSION = YES;
				CLANG_WARN_DEPRECATED_OBJC_IMPLEMENTATIONS = YES;
				CLANG_WARN_DIRECT_OBJC_ISA_USAGE = YES_ERROR;
				CLANG_WARN_DOCUMENTATION_COMMENTS = YES;
				CLANG_WARN_EMPTY_BODY = YES;
				CLANG_WARN_ENUM_CONVERSION = YES;
				CLANG_WARN_INFINITE_RECURSION = YES;
				CLANG_WARN_INT_CONVERSION = YES;
				CLANG_WARN_NON_LITERAL_NULL_CONVERSION = YES;
				CLANG_WARN_OBJC_IMPLICIT_RETAIN_SELF = YES;
				CLANG_WARN_OBJC_LITERAL_CONVERSION = YES;
				CLANG_WARN_OBJC_ROOT_CLASS = YES_ERROR;
				CLANG_WARN_QUOTED_INCLUDE_IN_FRAMEWORK_HEADER = YES;
				CLANG_WARN_RANGE_LOOP_ANALYSIS = YES;
				CLANG_WARN_STRICT_PROTOTYPES = YES;
				CLANG_WARN_SUSPICIOUS_MOVE = YES;
				CLANG_WARN_UNGUARDED_AVAILABILITY = YES_AGGRESSIVE;
				CLANG_WARN_UNREACHABLE_CODE = YES;
				CLANG_WARN__DUPLICATE_METHOD_MATCH = YES;
				COPY_PHASE_STRIP = NO;
				DEBUG_INFORMATION_FORMAT = "dwarf-with-dsym";
				ENABLE_NS_ASSERTIONS = NO;
				ENABLE_STRICT_OBJC_MSGSEND = YES;
				GCC_C_LANGUAGE_STANDARD = gnu11;
				GCC_NO_COMMON_BLOCKS = YES;
				GCC_WARN_64_TO_32_BIT_CONVERSION = YES;
				GCC_WARN_ABOUT_RETURN_TYPE = YES_ERROR;
				GCC_WARN_UNDECLARED_SELECTOR = YES;
				GCC_WARN_UNINITIALIZED_AUTOS = YES_AGGRESSIVE;
				GCC_WARN_UNUSED_FUNCTION = YES;
				GCC_WARN_UNUSED_VARIABLE = YES;
				IPHONEOS_DEPLOYMENT_TARGET = 15.0;
				MTL_ENABLE_DEBUG_INFO = NO;
				MTL_FAST_MATH = YES;
				SDKROOT = iphoneos;
				SWIFT_COMPILATION_MODE = wholemodule;
				SWIFT_OPTIMIZATION_LEVEL = "-O";
				VALIDATE_PRODUCT = YES;
			};
			name = Release;
		};
		62518D5E25F1648600A6753B /* Debug */ = {
			isa = XCBuildConfiguration;
			baseConfigurationReference = 346F05CA14D0A82C1D2C41C4 /* Pods-DiscUP.debug.xcconfig */;
			buildSettings = {
				ASSETCATALOG_COMPILER_APPICON_NAME = "AppIcon-noText-Teal";
				ASSETCATALOG_COMPILER_GLOBAL_ACCENT_COLOR_NAME = AccentColor;
				CODE_SIGN_STYLE = Automatic;
				CURRENT_PROJECT_VERSION = 2;
				DEVELOPMENT_TEAM = QYHXM7HJ4V;
				INFOPLIST_FILE = DiscUP/Info.plist;
				LD_RUNPATH_SEARCH_PATHS = (
					"$(inherited)",
					"@executable_path/Frameworks",
				);
				PRODUCT_BUNDLE_IDENTIFIER = com.bentincher.DiscUP;
				PRODUCT_NAME = "$(TARGET_NAME)";
				SWIFT_VERSION = 5.0;
				TARGETED_DEVICE_FAMILY = 1;
			};
			name = Debug;
		};
		62518D5F25F1648600A6753B /* Release */ = {
			isa = XCBuildConfiguration;
			baseConfigurationReference = E26A72DC8CD450C3E5B44019 /* Pods-DiscUP.release.xcconfig */;
			buildSettings = {
				ASSETCATALOG_COMPILER_APPICON_NAME = "AppIcon-noText-Teal";
				ASSETCATALOG_COMPILER_GLOBAL_ACCENT_COLOR_NAME = AccentColor;
				CODE_SIGN_STYLE = Automatic;
				CURRENT_PROJECT_VERSION = 2;
				DEVELOPMENT_TEAM = QYHXM7HJ4V;
				INFOPLIST_FILE = DiscUP/Info.plist;
				LD_RUNPATH_SEARCH_PATHS = (
					"$(inherited)",
					"@executable_path/Frameworks",
				);
				PRODUCT_BUNDLE_IDENTIFIER = com.bentincher.DiscUP;
				PRODUCT_NAME = "$(TARGET_NAME)";
				SWIFT_VERSION = 5.0;
				TARGETED_DEVICE_FAMILY = 1;
			};
			name = Release;
		};
/* End XCBuildConfiguration section */

/* Begin XCConfigurationList section */
		62518D4425F1648400A6753B /* Build configuration list for PBXProject "DiscUP" */ = {
			isa = XCConfigurationList;
			buildConfigurations = (
				62518D5B25F1648600A6753B /* Debug */,
				62518D5C25F1648600A6753B /* Release */,
			);
			defaultConfigurationIsVisible = 0;
			defaultConfigurationName = Release;
		};
		62518D5D25F1648600A6753B /* Build configuration list for PBXNativeTarget "DiscUP" */ = {
			isa = XCConfigurationList;
			buildConfigurations = (
				62518D5E25F1648600A6753B /* Debug */,
				62518D5F25F1648600A6753B /* Release */,
			);
			defaultConfigurationIsVisible = 0;
			defaultConfigurationName = Release;
		};
/* End XCConfigurationList section */
	};
	rootObject = 62518D4125F1648400A6753B /* Project object */;
}
